// !$*UTF8*$!
{
	archiveVersion = 1;
	classes = {
	};
	objectVersion = 48;
	objects = {

/* Begin PBXBuildFile section */
		580EC2032106ABA100B92004 /* XYAUnderLinerTextField.m in Sources */ = {isa = PBXBuildFile; fileRef = 580EC2022106ABA100B92004 /* XYAUnderLinerTextField.m */; };
		580EC2052106ADD900B92004 /* username.png in Resources */ = {isa = PBXBuildFile; fileRef = 580EC2042106ADD900B92004 /* username.png */; };
		580EC2072106ADFF00B92004 /* vercode.png in Resources */ = {isa = PBXBuildFile; fileRef = 580EC2062106ADFF00B92004 /* vercode.png */; };
		580EC2092106AE1000B92004 /* password.png in Resources */ = {isa = PBXBuildFile; fileRef = 580EC2082106AE1000B92004 /* password.png */; };
		583633B32108001800105223 /* XYAEducationClassTableModel.m in Sources */ = {isa = PBXBuildFile; fileRef = 583633B22108001700105223 /* XYAEducationClassTableModel.m */; };
		5874460F2107276C00E6891F /* XYAEducationManager.m in Sources */ = {isa = PBXBuildFile; fileRef = 5874460E2107276C00E6891F /* XYAEducationManager.m */; };
		58A843A82108B33D0038E6BE /* arrow_icon.png in Resources */ = {isa = PBXBuildFile; fileRef = 58A843A72108B33D0038E6BE /* arrow_icon.png */; };
		58A843AB2108BD140038E6BE /* XYAAttendanceTableViewCell.m in Sources */ = {isa = PBXBuildFile; fileRef = 58A843AA2108BD140038E6BE /* XYAAttendanceTableViewCell.m */; };
		58AF129A21081376005381A5 /* XYAURLSessionManager.m in Sources */ = {isa = PBXBuildFile; fileRef = 58AF129921081376005381A5 /* XYAURLSessionManager.m */; };
		58AF129E2108621C005381A5 /* XYAAttendanceView.m in Sources */ = {isa = PBXBuildFile; fileRef = 58AF129D2108621C005381A5 /* XYAAttendanceView.m */; };
		58AF12A1210878F0005381A5 /* class_icon.png in Resources */ = {isa = PBXBuildFile; fileRef = 58AF12A0210878EF005381A5 /* class_icon.png */; };
		58AF12A321087909005381A5 /* time_icon.png in Resources */ = {isa = PBXBuildFile; fileRef = 58AF12A221087909005381A5 /* time_icon.png */; };
		58F352502100C5F8001E6C16 /* AppDelegate.m in Sources */ = {isa = PBXBuildFile; fileRef = 58F3524F2100C5F8001E6C16 /* AppDelegate.m */; };
		58F352582100C5F8001E6C16 /* Assets.xcassets in Resources */ = {isa = PBXBuildFile; fileRef = 58F352572100C5F8001E6C16 /* Assets.xcassets */; };
		58F3525E2100C5F8001E6C16 /* main.m in Sources */ = {isa = PBXBuildFile; fileRef = 58F3525D2100C5F8001E6C16 /* main.m */; };
		58F352682100C5F9001E6C16 /* AssistantTests.m in Sources */ = {isa = PBXBuildFile; fileRef = 58F352672100C5F9001E6C16 /* AssistantTests.m */; };
		58F352732100C5F9001E6C16 /* AssistantUITests.m in Sources */ = {isa = PBXBuildFile; fileRef = 58F352722100C5F9001E6C16 /* AssistantUITests.m */; };
		58F3528D21016CA0001E6C16 /* XYAEducationViewController.m in Sources */ = {isa = PBXBuildFile; fileRef = 58F3528C21016CA0001E6C16 /* XYAEducationViewController.m */; };
		58F352A321016E4C001E6C16 /* XYALibraryViewController.m in Sources */ = {isa = PBXBuildFile; fileRef = 58F352A221016E4C001E6C16 /* XYALibraryViewController.m */; };
		58F352A621016E62001E6C16 /* XYAActivityViewController.m in Sources */ = {isa = PBXBuildFile; fileRef = 58F352A521016E62001E6C16 /* XYAActivityViewController.m */; };
		58F352A921016E72001E6C16 /* XYAMyInfoViewController.m in Sources */ = {isa = PBXBuildFile; fileRef = 58F352A821016E72001E6C16 /* XYAMyInfoViewController.m */; };
		58F352AF2101720B001E6C16 /* XYAMainTabBarViewController.m in Sources */ = {isa = PBXBuildFile; fileRef = 58F352AE2101720B001E6C16 /* XYAMainTabBarViewController.m */; };
		58F352B1210182D7001E6C16 /* LaunchScreen.storyboard in Resources */ = {isa = PBXBuildFile; fileRef = 58F352B0210182D6001E6C16 /* LaunchScreen.storyboard */; };
		58F352B3210182F5001E6C16 /* Main.storyboard in Resources */ = {isa = PBXBuildFile; fileRef = 58F352B2210182F5001E6C16 /* Main.storyboard */; };
		58F352BA2101BC74001E6C16 /* people.png in Resources */ = {isa = PBXBuildFile; fileRef = 58F352B72101BC74001E6C16 /* people.png */; };
		58F352BC2101BC74001E6C16 /* XUPT.png in Resources */ = {isa = PBXBuildFile; fileRef = 58F352B92101BC74001E6C16 /* XUPT.png */; };
		58F352C52101BD2F001E6C16 /* XYAMainLoginViewController.m in Sources */ = {isa = PBXBuildFile; fileRef = 58F352C42101BD2F001E6C16 /* XYAMainLoginViewController.m */; };
		58F352C82101BD49001E6C16 /* XYAMainLoginView.m in Sources */ = {isa = PBXBuildFile; fileRef = 58F352C72101BD49001E6C16 /* XYAMainLoginView.m */; };
		58F352E42101BEB3001E6C16 /* NSLayoutConstraint+MASDebugAdditions.m in Sources */ = {isa = PBXBuildFile; fileRef = 58F352CC2101BEB3001E6C16 /* NSLayoutConstraint+MASDebugAdditions.m */; };
		58F352E52101BEB3001E6C16 /* ViewController+MASAdditions.m in Sources */ = {isa = PBXBuildFile; fileRef = 58F352D52101BEB3001E6C16 /* ViewController+MASAdditions.m */; };
		58F352E62101BEB3001E6C16 /* MASCompositeConstraint.m in Sources */ = {isa = PBXBuildFile; fileRef = 58F352D92101BEB3001E6C16 /* MASCompositeConstraint.m */; };
		58F352E72101BEB3001E6C16 /* MASConstraintMaker.m in Sources */ = {isa = PBXBuildFile; fileRef = 58F352DA2101BEB3001E6C16 /* MASConstraintMaker.m */; };
		58F352E82101BEB3001E6C16 /* MASLayoutConstraint.m in Sources */ = {isa = PBXBuildFile; fileRef = 58F352DB2101BEB3001E6C16 /* MASLayoutConstraint.m */; };
		58F352E92101BEB3001E6C16 /* NSArray+MASAdditions.m in Sources */ = {isa = PBXBuildFile; fileRef = 58F352DC2101BEB3001E6C16 /* NSArray+MASAdditions.m */; };
		58F352EA2101BEB3001E6C16 /* View+MASAdditions.m in Sources */ = {isa = PBXBuildFile; fileRef = 58F352DD2101BEB3001E6C16 /* View+MASAdditions.m */; };
		58F352EB2101BEB3001E6C16 /* MASConstraint.m in Sources */ = {isa = PBXBuildFile; fileRef = 58F352E02101BEB3001E6C16 /* MASConstraint.m */; };
		58F352EC2101BEB3001E6C16 /* MASViewConstraint.m in Sources */ = {isa = PBXBuildFile; fileRef = 58F352E22101BEB3001E6C16 /* MASViewConstraint.m */; };
		58F352ED2101BEB3001E6C16 /* MASViewAttribute.m in Sources */ = {isa = PBXBuildFile; fileRef = 58F352E32101BEB3001E6C16 /* MASViewAttribute.m */; };
		58F353142101BEBE001E6C16 /* LICENSE in Resources */ = {isa = PBXBuildFile; fileRef = 58F352EF2101BEBD001E6C16 /* LICENSE */; };
		58F353152101BEBE001E6C16 /* README.md in Resources */ = {isa = PBXBuildFile; fileRef = 58F352F02101BEBD001E6C16 /* README.md */; };
		58F353162101BEBE001E6C16 /* UIProgressView+AFNetworking.m in Sources */ = {isa = PBXBuildFile; fileRef = 58F352F22101BEBD001E6C16 /* UIProgressView+AFNetworking.m */; };
		58F353172101BEBE001E6C16 /* UIRefreshControl+AFNetworking.m in Sources */ = {isa = PBXBuildFile; fileRef = 58F352F42101BEBD001E6C16 /* UIRefreshControl+AFNetworking.m */; };
		58F353182101BEBE001E6C16 /* AFNetworkActivityIndicatorManager.m in Sources */ = {isa = PBXBuildFile; fileRef = 58F352F72101BEBD001E6C16 /* AFNetworkActivityIndicatorManager.m */; };
		58F353192101BEBE001E6C16 /* UIImageView+AFNetworking.m in Sources */ = {isa = PBXBuildFile; fileRef = 58F352FD2101BEBD001E6C16 /* UIImageView+AFNetworking.m */; };
		58F3531A2101BEBE001E6C16 /* UIButton+AFNetworking.m in Sources */ = {isa = PBXBuildFile; fileRef = 58F353002101BEBD001E6C16 /* UIButton+AFNetworking.m */; };
		58F3531B2101BEBE001E6C16 /* UIActivityIndicatorView+AFNetworking.m in Sources */ = {isa = PBXBuildFile; fileRef = 58F353012101BEBD001E6C16 /* UIActivityIndicatorView+AFNetworking.m */; };
		58F3531C2101BEBE001E6C16 /* UIWebView+AFNetworking.m in Sources */ = {isa = PBXBuildFile; fileRef = 58F353022101BEBD001E6C16 /* UIWebView+AFNetworking.m */; };
		58F3531D2101BEBE001E6C16 /* AFAutoPurgingImageCache.m in Sources */ = {isa = PBXBuildFile; fileRef = 58F353032101BEBD001E6C16 /* AFAutoPurgingImageCache.m */; };
		58F3531E2101BEBE001E6C16 /* AFImageDownloader.m in Sources */ = {isa = PBXBuildFile; fileRef = 58F353052101BEBD001E6C16 /* AFImageDownloader.m */; };
		58F3531F2101BEBE001E6C16 /* AFURLResponseSerialization.m in Sources */ = {isa = PBXBuildFile; fileRef = 58F3530B2101BEBD001E6C16 /* AFURLResponseSerialization.m */; };
		58F353202101BEBE001E6C16 /* AFHTTPSessionManager.m in Sources */ = {isa = PBXBuildFile; fileRef = 58F3530C2101BEBD001E6C16 /* AFHTTPSessionManager.m */; };
		58F353212101BEBE001E6C16 /* AFURLSessionManager.m in Sources */ = {isa = PBXBuildFile; fileRef = 58F3530E2101BEBD001E6C16 /* AFURLSessionManager.m */; };
		58F353222101BEBE001E6C16 /* AFURLRequestSerialization.m in Sources */ = {isa = PBXBuildFile; fileRef = 58F3530F2101BEBD001E6C16 /* AFURLRequestSerialization.m */; };
		58F353232101BEBE001E6C16 /* AFNetworkReachabilityManager.m in Sources */ = {isa = PBXBuildFile; fileRef = 58F353112101BEBD001E6C16 /* AFNetworkReachabilityManager.m */; };
		58F353242101BEBE001E6C16 /* AFSecurityPolicy.m in Sources */ = {isa = PBXBuildFile; fileRef = 58F353122101BEBD001E6C16 /* AFSecurityPolicy.m */; };
		58F3533A2101BEC5001E6C16 /* JSONValueTransformer.m in Sources */ = {isa = PBXBuildFile; fileRef = 58F353272101BEC5001E6C16 /* JSONValueTransformer.m */; };
		58F3533B2101BEC5001E6C16 /* JSONKeyMapper.m in Sources */ = {isa = PBXBuildFile; fileRef = 58F3532A2101BEC5001E6C16 /* JSONKeyMapper.m */; };
		58F3533C2101BEC5001E6C16 /* JSONModel.m in Sources */ = {isa = PBXBuildFile; fileRef = 58F3532C2101BEC5001E6C16 /* JSONModel.m */; };
		58F3533D2101BEC5001E6C16 /* JSONModelError.m in Sources */ = {isa = PBXBuildFile; fileRef = 58F3532D2101BEC5001E6C16 /* JSONModelError.m */; };
		58F3533E2101BEC5001E6C16 /* JSONModelClassProperty.m in Sources */ = {isa = PBXBuildFile; fileRef = 58F353302101BEC5001E6C16 /* JSONModelClassProperty.m */; };
		58F3533F2101BEC5001E6C16 /* JSONHTTPClient.m in Sources */ = {isa = PBXBuildFile; fileRef = 58F353342101BEC5001E6C16 /* JSONHTTPClient.m */; };
		58F353402101BEC5001E6C16 /* JSONAPI.m in Sources */ = {isa = PBXBuildFile; fileRef = 58F353352101BEC5001E6C16 /* JSONAPI.m */; };
		58F353412101BEC5001E6C16 /* JSONModel+networking.m in Sources */ = {isa = PBXBuildFile; fileRef = 58F353392101BEC5001E6C16 /* JSONModel+networking.m */; };
		58F353692101BECC001E6C16 /* LICENSE in Resources */ = {isa = PBXBuildFile; fileRef = 58F353432101BECC001E6C16 /* LICENSE */; };
		58F3536A2101BECC001E6C16 /* README.md in Resources */ = {isa = PBXBuildFile; fileRef = 58F353442101BECC001E6C16 /* README.md */; };
		58F3536B2101BECC001E6C16 /* SDWebImageManager.m in Sources */ = {isa = PBXBuildFile; fileRef = 58F353492101BECC001E6C16 /* SDWebImageManager.m */; };
		58F3536C2101BECC001E6C16 /* SDWebImageDecoder.m in Sources */ = {isa = PBXBuildFile; fileRef = 58F3534A2101BECC001E6C16 /* SDWebImageDecoder.m */; };
		58F3536D2101BECC001E6C16 /* UIImageView+HighlightedWebCache.m in Sources */ = {isa = PBXBuildFile; fileRef = 58F3534C2101BECC001E6C16 /* UIImageView+HighlightedWebCache.m */; };
		58F3536E2101BECC001E6C16 /* SDWebImageDownloader.m in Sources */ = {isa = PBXBuildFile; fileRef = 58F3534F2101BECC001E6C16 /* SDWebImageDownloader.m */; };
		58F3536F2101BECC001E6C16 /* UIImage+GIF.m in Sources */ = {isa = PBXBuildFile; fileRef = 58F353502101BECC001E6C16 /* UIImage+GIF.m */; };
		58F353702101BECC001E6C16 /* UIImage+MultiFormat.m in Sources */ = {isa = PBXBuildFile; fileRef = 58F353522101BECC001E6C16 /* UIImage+MultiFormat.m */; };
		58F353712101BECC001E6C16 /* SDWebImageCompat.m in Sources */ = {isa = PBXBuildFile; fileRef = 58F353532101BECC001E6C16 /* SDWebImageCompat.m */; };
		58F353722101BECC001E6C16 /* SDWebImagePrefetcher.m in Sources */ = {isa = PBXBuildFile; fileRef = 58F353542101BECC001E6C16 /* SDWebImagePrefetcher.m */; };
		58F353732101BECC001E6C16 /* SDImageCache.m in Sources */ = {isa = PBXBuildFile; fileRef = 58F353572101BECC001E6C16 /* SDImageCache.m */; };
		58F353742101BECC001E6C16 /* SDWebImageDownloaderOperation.m in Sources */ = {isa = PBXBuildFile; fileRef = 58F353592101BECC001E6C16 /* SDWebImageDownloaderOperation.m */; };
		58F353752101BECC001E6C16 /* NSData+ImageContentType.m in Sources */ = {isa = PBXBuildFile; fileRef = 58F3535C2101BECC001E6C16 /* NSData+ImageContentType.m */; };
		58F353762101BECC001E6C16 /* UIImageView+WebCache.m in Sources */ = {isa = PBXBuildFile; fileRef = 58F3535D2101BECC001E6C16 /* UIImageView+WebCache.m */; };
		58F353772101BECC001E6C16 /* NSImage+WebCache.m in Sources */ = {isa = PBXBuildFile; fileRef = 58F3535F2101BECC001E6C16 /* NSImage+WebCache.m */; };
		58F353782101BECC001E6C16 /* SDImageCacheConfig.m in Sources */ = {isa = PBXBuildFile; fileRef = 58F353612101BECC001E6C16 /* SDImageCacheConfig.m */; };
		58F353792101BECC001E6C16 /* UIView+WebCacheOperation.m in Sources */ = {isa = PBXBuildFile; fileRef = 58F353622101BECC001E6C16 /* UIView+WebCacheOperation.m */; };
		58F3537A2101BECC001E6C16 /* UIView+WebCache.m in Sources */ = {isa = PBXBuildFile; fileRef = 58F353632101BECC001E6C16 /* UIView+WebCache.m */; };
		58F3537B2101BECC001E6C16 /* UIButton+WebCache.m in Sources */ = {isa = PBXBuildFile; fileRef = 58F353672101BECC001E6C16 /* UIButton+WebCache.m */; };
		58F3537F2101D058001E6C16 /* XYALoginButton.m in Sources */ = {isa = PBXBuildFile; fileRef = 58F3537E2101D058001E6C16 /* XYALoginButton.m */; };
		58F353892101D699001E6C16 /* WeChat.png in Resources */ = {isa = PBXBuildFile; fileRef = 58F353882101D699001E6C16 /* WeChat.png */; };
		58F3538F2101E0F6001E6C16 /* ic_tab_index_library_normal@2x.png in Resources */ = {isa = PBXBuildFile; fileRef = 58F3538B2101E0F5001E6C16 /* ic_tab_index_library_normal@2x.png */; };
		58F353902101E0F6001E6C16 /* ic_tab_index_education_selected@2x.png in Resources */ = {isa = PBXBuildFile; fileRef = 58F3538C2101E0F5001E6C16 /* ic_tab_index_education_selected@2x.png */; };
		58F353912101E0F6001E6C16 /* ic_tab_index_activity_normal@2x.png in Resources */ = {isa = PBXBuildFile; fileRef = 58F3538D2101E0F5001E6C16 /* ic_tab_index_activity_normal@2x.png */; };
		58F353922101E0F6001E6C16 /* ic_tab_index_myInfo_normal@2x.png in Resources */ = {isa = PBXBuildFile; fileRef = 58F3538E2101E0F6001E6C16 /* ic_tab_index_myInfo_normal@2x.png */; };
		58F353962101FDF9001E6C16 /* ic_tab_index_activity_selected@2x.png in Resources */ = {isa = PBXBuildFile; fileRef = 58F353932101FDF9001E6C16 /* ic_tab_index_activity_selected@2x.png */; };
		58F353972101FDF9001E6C16 /* ic_tab_index_library_selected@2x.png in Resources */ = {isa = PBXBuildFile; fileRef = 58F353942101FDF9001E6C16 /* ic_tab_index_library_selected@2x.png */; };
		58F353982101FDF9001E6C16 /* ic_tab_index_myInfo_selected@2x.png in Resources */ = {isa = PBXBuildFile; fileRef = 58F353952101FDF9001E6C16 /* ic_tab_index_myInfo_selected@2x.png */; };
		58F3539A2101FE1B001E6C16 /* ic_tab_index_education_normal@2x.png in Resources */ = {isa = PBXBuildFile; fileRef = 58F353992101FE1B001E6C16 /* ic_tab_index_education_normal@2x.png */; };
		58F353A9210204A4001E6C16 /* XYAEducationView.m in Sources */ = {isa = PBXBuildFile; fileRef = 58F353A8210204A4001E6C16 /* XYAEducationView.m */; };
		58F353AF21021B9A001E6C16 /* XYATimetableTableViewCell.m in Sources */ = {isa = PBXBuildFile; fileRef = 58F353AE21021B9A001E6C16 /* XYATimetableTableViewCell.m */; };
		58F353B32102BED6001E6C16 /* XYATimetableLabel.m in Sources */ = {isa = PBXBuildFile; fileRef = 58F353B22102BED6001E6C16 /* XYATimetableLabel.m */; };
		58F353BE21031107001E6C16 /* XYAAttendanceViewController.m in Sources */ = {isa = PBXBuildFile; fileRef = 58F353BD21031107001E6C16 /* XYAAttendanceViewController.m */; };
		58FF6EA121058062000AE366 /* XYAEducationAPI.m in Sources */ = {isa = PBXBuildFile; fileRef = 58FF6EA021058062000AE366 /* XYAEducationAPI.m */; };
		58FF6EA42105D148000AE366 /* XYAHttpSessionManager.m in Sources */ = {isa = PBXBuildFile; fileRef = 58FF6EA32105D148000AE366 /* XYAHttpSessionManager.m */; };
		58FF6EA72105D4FE000AE366 /* XYAEducationResultModel.m in Sources */ = {isa = PBXBuildFile; fileRef = 58FF6EA62105D4FE000AE366 /* XYAEducationResultModel.m */; };
		58FF6EAD2105FD95000AE366 /* XYALoginViewController.m in Sources */ = {isa = PBXBuildFile; fileRef = 58FF6EAC2105FD95000AE366 /* XYALoginViewController.m */; };
		58FF6EB02105FDA5000AE366 /* XYALoginView.m in Sources */ = {isa = PBXBuildFile; fileRef = 58FF6EAF2105FDA5000AE366 /* XYALoginView.m */; };
/* End PBXBuildFile section */

/* Begin PBXContainerItemProxy section */
		58F352642100C5F9001E6C16 /* PBXContainerItemProxy */ = {
			isa = PBXContainerItemProxy;
			containerPortal = 58F352432100C5F8001E6C16 /* Project object */;
			proxyType = 1;
			remoteGlobalIDString = 58F3524A2100C5F8001E6C16;
			remoteInfo = Assistant;
		};
		58F3526F2100C5F9001E6C16 /* PBXContainerItemProxy */ = {
			isa = PBXContainerItemProxy;
			containerPortal = 58F352432100C5F8001E6C16 /* Project object */;
			proxyType = 1;
			remoteGlobalIDString = 58F3524A2100C5F8001E6C16;
			remoteInfo = Assistant;
		};
/* End PBXContainerItemProxy section */

/* Begin PBXFileReference section */
		580EC2012106ABA100B92004 /* XYAUnderLinerTextField.h */ = {isa = PBXFileReference; lastKnownFileType = sourcecode.c.h; path = XYAUnderLinerTextField.h; sourceTree = "<group>"; };
		580EC2022106ABA100B92004 /* XYAUnderLinerTextField.m */ = {isa = PBXFileReference; lastKnownFileType = sourcecode.c.objc; path = XYAUnderLinerTextField.m; sourceTree = "<group>"; };
		580EC2042106ADD900B92004 /* username.png */ = {isa = PBXFileReference; lastKnownFileType = image.png; path = username.png; sourceTree = "<group>"; };
		580EC2062106ADFF00B92004 /* vercode.png */ = {isa = PBXFileReference; lastKnownFileType = image.png; path = vercode.png; sourceTree = "<group>"; };
		580EC2082106AE1000B92004 /* password.png */ = {isa = PBXFileReference; lastKnownFileType = image.png; path = password.png; sourceTree = "<group>"; };
		583633B12108001700105223 /* XYAEducationClassTableModel.h */ = {isa = PBXFileReference; lastKnownFileType = sourcecode.c.h; path = XYAEducationClassTableModel.h; sourceTree = "<group>"; };
		583633B22108001700105223 /* XYAEducationClassTableModel.m */ = {isa = PBXFileReference; lastKnownFileType = sourcecode.c.objc; path = XYAEducationClassTableModel.m; sourceTree = "<group>"; };
		5874460D2107276C00E6891F /* XYAEducationManager.h */ = {isa = PBXFileReference; lastKnownFileType = sourcecode.c.h; path = XYAEducationManager.h; sourceTree = "<group>"; };
		5874460E2107276C00E6891F /* XYAEducationManager.m */ = {isa = PBXFileReference; lastKnownFileType = sourcecode.c.objc; path = XYAEducationManager.m; sourceTree = "<group>"; };
		5874461121072A8A00E6891F /* XYAEducationProtocol.h */ = {isa = PBXFileReference; lastKnownFileType = sourcecode.c.h; path = XYAEducationProtocol.h; sourceTree = "<group>"; };
		58A843A72108B33D0038E6BE /* arrow_icon.png */ = {isa = PBXFileReference; lastKnownFileType = image.png; path = arrow_icon.png; sourceTree = "<group>"; };
		58A843A92108BD140038E6BE /* XYAAttendanceTableViewCell.h */ = {isa = PBXFileReference; lastKnownFileType = sourcecode.c.h; path = XYAAttendanceTableViewCell.h; sourceTree = "<group>"; };
		58A843AA2108BD140038E6BE /* XYAAttendanceTableViewCell.m */ = {isa = PBXFileReference; lastKnownFileType = sourcecode.c.objc; path = XYAAttendanceTableViewCell.m; sourceTree = "<group>"; };
		58AF129821081376005381A5 /* XYAURLSessionManager.h */ = {isa = PBXFileReference; lastKnownFileType = sourcecode.c.h; path = XYAURLSessionManager.h; sourceTree = "<group>"; };
		58AF129921081376005381A5 /* XYAURLSessionManager.m */ = {isa = PBXFileReference; lastKnownFileType = sourcecode.c.objc; path = XYAURLSessionManager.m; sourceTree = "<group>"; };
		58AF129C2108621C005381A5 /* XYAAttendanceView.h */ = {isa = PBXFileReference; lastKnownFileType = sourcecode.c.h; path = XYAAttendanceView.h; sourceTree = "<group>"; };
		58AF129D2108621C005381A5 /* XYAAttendanceView.m */ = {isa = PBXFileReference; lastKnownFileType = sourcecode.c.objc; path = XYAAttendanceView.m; sourceTree = "<group>"; };
		58AF12A0210878EF005381A5 /* class_icon.png */ = {isa = PBXFileReference; lastKnownFileType = image.png; path = class_icon.png; sourceTree = "<group>"; };
		58AF12A221087909005381A5 /* time_icon.png */ = {isa = PBXFileReference; lastKnownFileType = image.png; path = time_icon.png; sourceTree = "<group>"; };
		58F3524B2100C5F8001E6C16 /* Assistant.app */ = {isa = PBXFileReference; explicitFileType = wrapper.application; includeInIndex = 0; path = Assistant.app; sourceTree = BUILT_PRODUCTS_DIR; };
		58F3524E2100C5F8001E6C16 /* AppDelegate.h */ = {isa = PBXFileReference; lastKnownFileType = sourcecode.c.h; path = AppDelegate.h; sourceTree = "<group>"; };
		58F3524F2100C5F8001E6C16 /* AppDelegate.m */ = {isa = PBXFileReference; lastKnownFileType = sourcecode.c.objc; path = AppDelegate.m; sourceTree = "<group>"; };
		58F352572100C5F8001E6C16 /* Assets.xcassets */ = {isa = PBXFileReference; lastKnownFileType = folder.assetcatalog; path = Assets.xcassets; sourceTree = "<group>"; };
		58F3525C2100C5F8001E6C16 /* Info.plist */ = {isa = PBXFileReference; lastKnownFileType = text.plist.xml; path = Info.plist; sourceTree = "<group>"; };
		58F3525D2100C5F8001E6C16 /* main.m */ = {isa = PBXFileReference; lastKnownFileType = sourcecode.c.objc; path = main.m; sourceTree = "<group>"; };
		58F352632100C5F9001E6C16 /* AssistantTests.xctest */ = {isa = PBXFileReference; explicitFileType = wrapper.cfbundle; includeInIndex = 0; path = AssistantTests.xctest; sourceTree = BUILT_PRODUCTS_DIR; };
		58F352672100C5F9001E6C16 /* AssistantTests.m */ = {isa = PBXFileReference; lastKnownFileType = sourcecode.c.objc; path = AssistantTests.m; sourceTree = "<group>"; };
		58F352692100C5F9001E6C16 /* Info.plist */ = {isa = PBXFileReference; lastKnownFileType = text.plist.xml; path = Info.plist; sourceTree = "<group>"; };
		58F3526E2100C5F9001E6C16 /* AssistantUITests.xctest */ = {isa = PBXFileReference; explicitFileType = wrapper.cfbundle; includeInIndex = 0; path = AssistantUITests.xctest; sourceTree = BUILT_PRODUCTS_DIR; };
		58F352722100C5F9001E6C16 /* AssistantUITests.m */ = {isa = PBXFileReference; lastKnownFileType = sourcecode.c.objc; path = AssistantUITests.m; sourceTree = "<group>"; };
		58F352742100C5F9001E6C16 /* Info.plist */ = {isa = PBXFileReference; lastKnownFileType = text.plist.xml; path = Info.plist; sourceTree = "<group>"; };
		58F3528B21016CA0001E6C16 /* XYAEducationViewController.h */ = {isa = PBXFileReference; lastKnownFileType = sourcecode.c.h; path = XYAEducationViewController.h; sourceTree = "<group>"; };
		58F3528C21016CA0001E6C16 /* XYAEducationViewController.m */ = {isa = PBXFileReference; lastKnownFileType = sourcecode.c.objc; path = XYAEducationViewController.m; sourceTree = "<group>"; };
		58F352A121016E4C001E6C16 /* XYALibraryViewController.h */ = {isa = PBXFileReference; lastKnownFileType = sourcecode.c.h; path = XYALibraryViewController.h; sourceTree = "<group>"; };
		58F352A221016E4C001E6C16 /* XYALibraryViewController.m */ = {isa = PBXFileReference; lastKnownFileType = sourcecode.c.objc; path = XYALibraryViewController.m; sourceTree = "<group>"; };
		58F352A421016E62001E6C16 /* XYAActivityViewController.h */ = {isa = PBXFileReference; lastKnownFileType = sourcecode.c.h; path = XYAActivityViewController.h; sourceTree = "<group>"; };
		58F352A521016E62001E6C16 /* XYAActivityViewController.m */ = {isa = PBXFileReference; lastKnownFileType = sourcecode.c.objc; path = XYAActivityViewController.m; sourceTree = "<group>"; };
		58F352A721016E72001E6C16 /* XYAMyInfoViewController.h */ = {isa = PBXFileReference; lastKnownFileType = sourcecode.c.h; path = XYAMyInfoViewController.h; sourceTree = "<group>"; };
		58F352A821016E72001E6C16 /* XYAMyInfoViewController.m */ = {isa = PBXFileReference; lastKnownFileType = sourcecode.c.objc; path = XYAMyInfoViewController.m; sourceTree = "<group>"; };
		58F352AD2101720B001E6C16 /* XYAMainTabBarViewController.h */ = {isa = PBXFileReference; lastKnownFileType = sourcecode.c.h; path = XYAMainTabBarViewController.h; sourceTree = "<group>"; };
		58F352AE2101720B001E6C16 /* XYAMainTabBarViewController.m */ = {isa = PBXFileReference; lastKnownFileType = sourcecode.c.objc; path = XYAMainTabBarViewController.m; sourceTree = "<group>"; };
		58F352B0210182D6001E6C16 /* LaunchScreen.storyboard */ = {isa = PBXFileReference; fileEncoding = 4; lastKnownFileType = file.storyboard; path = LaunchScreen.storyboard; sourceTree = "<group>"; };
		58F352B2210182F5001E6C16 /* Main.storyboard */ = {isa = PBXFileReference; fileEncoding = 4; lastKnownFileType = file.storyboard; path = Main.storyboard; sourceTree = "<group>"; };
		58F352B72101BC74001E6C16 /* people.png */ = {isa = PBXFileReference; lastKnownFileType = image.png; path = people.png; sourceTree = "<group>"; };
		58F352B92101BC74001E6C16 /* XUPT.png */ = {isa = PBXFileReference; lastKnownFileType = image.png; path = XUPT.png; sourceTree = "<group>"; };
		58F352C32101BD2F001E6C16 /* XYAMainLoginViewController.h */ = {isa = PBXFileReference; lastKnownFileType = sourcecode.c.h; path = XYAMainLoginViewController.h; sourceTree = "<group>"; };
		58F352C42101BD2F001E6C16 /* XYAMainLoginViewController.m */ = {isa = PBXFileReference; lastKnownFileType = sourcecode.c.objc; path = XYAMainLoginViewController.m; sourceTree = "<group>"; };
		58F352C62101BD49001E6C16 /* XYAMainLoginView.h */ = {isa = PBXFileReference; lastKnownFileType = sourcecode.c.h; path = XYAMainLoginView.h; sourceTree = "<group>"; };
		58F352C72101BD49001E6C16 /* XYAMainLoginView.m */ = {isa = PBXFileReference; lastKnownFileType = sourcecode.c.objc; path = XYAMainLoginView.m; sourceTree = "<group>"; };
		58F352CB2101BEB3001E6C16 /* MASCompositeConstraint.h */ = {isa = PBXFileReference; fileEncoding = 4; lastKnownFileType = sourcecode.c.h; path = MASCompositeConstraint.h; sourceTree = "<group>"; };
		58F352CC2101BEB3001E6C16 /* NSLayoutConstraint+MASDebugAdditions.m */ = {isa = PBXFileReference; fileEncoding = 4; lastKnownFileType = sourcecode.c.objc; path = "NSLayoutConstraint+MASDebugAdditions.m"; sourceTree = "<group>"; };
		58F352CD2101BEB3001E6C16 /* MASConstraint+Private.h */ = {isa = PBXFileReference; fileEncoding = 4; lastKnownFileType = sourcecode.c.h; path = "MASConstraint+Private.h"; sourceTree = "<group>"; };
		58F352CE2101BEB3001E6C16 /* MASLayoutConstraint.h */ = {isa = PBXFileReference; fileEncoding = 4; lastKnownFileType = sourcecode.c.h; path = MASLayoutConstraint.h; sourceTree = "<group>"; };
		58F352CF2101BEB3001E6C16 /* NSArray+MASShorthandAdditions.h */ = {isa = PBXFileReference; fileEncoding = 4; lastKnownFileType = sourcecode.c.h; path = "NSArray+MASShorthandAdditions.h"; sourceTree = "<group>"; };
		58F352D02101BEB3001E6C16 /* MASConstraintMaker.h */ = {isa = PBXFileReference; fileEncoding = 4; lastKnownFileType = sourcecode.c.h; path = MASConstraintMaker.h; sourceTree = "<group>"; };
		58F352D12101BEB3001E6C16 /* View+MASAdditions.h */ = {isa = PBXFileReference; fileEncoding = 4; lastKnownFileType = sourcecode.c.h; path = "View+MASAdditions.h"; sourceTree = "<group>"; };
		58F352D22101BEB3001E6C16 /* NSArray+MASAdditions.h */ = {isa = PBXFileReference; fileEncoding = 4; lastKnownFileType = sourcecode.c.h; path = "NSArray+MASAdditions.h"; sourceTree = "<group>"; };
		58F352D32101BEB3001E6C16 /* MASUtilities.h */ = {isa = PBXFileReference; fileEncoding = 4; lastKnownFileType = sourcecode.c.h; path = MASUtilities.h; sourceTree = "<group>"; };
		58F352D42101BEB3001E6C16 /* MASViewAttribute.h */ = {isa = PBXFileReference; fileEncoding = 4; lastKnownFileType = sourcecode.c.h; path = MASViewAttribute.h; sourceTree = "<group>"; };
		58F352D52101BEB3001E6C16 /* ViewController+MASAdditions.m */ = {isa = PBXFileReference; fileEncoding = 4; lastKnownFileType = sourcecode.c.objc; path = "ViewController+MASAdditions.m"; sourceTree = "<group>"; };
		58F352D62101BEB3001E6C16 /* MASViewConstraint.h */ = {isa = PBXFileReference; fileEncoding = 4; lastKnownFileType = sourcecode.c.h; path = MASViewConstraint.h; sourceTree = "<group>"; };
		58F352D72101BEB3001E6C16 /* MASConstraint.h */ = {isa = PBXFileReference; fileEncoding = 4; lastKnownFileType = sourcecode.c.h; path = MASConstraint.h; sourceTree = "<group>"; };
		58F352D82101BEB3001E6C16 /* NSLayoutConstraint+MASDebugAdditions.h */ = {isa = PBXFileReference; fileEncoding = 4; lastKnownFileType = sourcecode.c.h; path = "NSLayoutConstraint+MASDebugAdditions.h"; sourceTree = "<group>"; };
		58F352D92101BEB3001E6C16 /* MASCompositeConstraint.m */ = {isa = PBXFileReference; fileEncoding = 4; lastKnownFileType = sourcecode.c.objc; path = MASCompositeConstraint.m; sourceTree = "<group>"; };
		58F352DA2101BEB3001E6C16 /* MASConstraintMaker.m */ = {isa = PBXFileReference; fileEncoding = 4; lastKnownFileType = sourcecode.c.objc; path = MASConstraintMaker.m; sourceTree = "<group>"; };
		58F352DB2101BEB3001E6C16 /* MASLayoutConstraint.m */ = {isa = PBXFileReference; fileEncoding = 4; lastKnownFileType = sourcecode.c.objc; path = MASLayoutConstraint.m; sourceTree = "<group>"; };
		58F352DC2101BEB3001E6C16 /* NSArray+MASAdditions.m */ = {isa = PBXFileReference; fileEncoding = 4; lastKnownFileType = sourcecode.c.objc; path = "NSArray+MASAdditions.m"; sourceTree = "<group>"; };
		58F352DD2101BEB3001E6C16 /* View+MASAdditions.m */ = {isa = PBXFileReference; fileEncoding = 4; lastKnownFileType = sourcecode.c.objc; path = "View+MASAdditions.m"; sourceTree = "<group>"; };
		58F352DE2101BEB3001E6C16 /* View+MASShorthandAdditions.h */ = {isa = PBXFileReference; fileEncoding = 4; lastKnownFileType = sourcecode.c.h; path = "View+MASShorthandAdditions.h"; sourceTree = "<group>"; };
		58F352DF2101BEB3001E6C16 /* Masonry.h */ = {isa = PBXFileReference; fileEncoding = 4; lastKnownFileType = sourcecode.c.h; path = Masonry.h; sourceTree = "<group>"; };
		58F352E02101BEB3001E6C16 /* MASConstraint.m */ = {isa = PBXFileReference; fileEncoding = 4; lastKnownFileType = sourcecode.c.objc; path = MASConstraint.m; sourceTree = "<group>"; };
		58F352E12101BEB3001E6C16 /* ViewController+MASAdditions.h */ = {isa = PBXFileReference; fileEncoding = 4; lastKnownFileType = sourcecode.c.h; path = "ViewController+MASAdditions.h"; sourceTree = "<group>"; };
		58F352E22101BEB3001E6C16 /* MASViewConstraint.m */ = {isa = PBXFileReference; fileEncoding = 4; lastKnownFileType = sourcecode.c.objc; path = MASViewConstraint.m; sourceTree = "<group>"; };
		58F352E32101BEB3001E6C16 /* MASViewAttribute.m */ = {isa = PBXFileReference; fileEncoding = 4; lastKnownFileType = sourcecode.c.objc; path = MASViewAttribute.m; sourceTree = "<group>"; };
		58F352EF2101BEBD001E6C16 /* LICENSE */ = {isa = PBXFileReference; fileEncoding = 4; lastKnownFileType = text; path = LICENSE; sourceTree = "<group>"; };
		58F352F02101BEBD001E6C16 /* README.md */ = {isa = PBXFileReference; fileEncoding = 4; lastKnownFileType = net.daringfireball.markdown; path = README.md; sourceTree = "<group>"; };
		58F352F22101BEBD001E6C16 /* UIProgressView+AFNetworking.m */ = {isa = PBXFileReference; fileEncoding = 4; lastKnownFileType = sourcecode.c.objc; path = "UIProgressView+AFNetworking.m"; sourceTree = "<group>"; };
		58F352F32101BEBD001E6C16 /* UIButton+AFNetworking.h */ = {isa = PBXFileReference; fileEncoding = 4; lastKnownFileType = sourcecode.c.h; path = "UIButton+AFNetworking.h"; sourceTree = "<group>"; };
		58F352F42101BEBD001E6C16 /* UIRefreshControl+AFNetworking.m */ = {isa = PBXFileReference; fileEncoding = 4; lastKnownFileType = sourcecode.c.objc; path = "UIRefreshControl+AFNetworking.m"; sourceTree = "<group>"; };
		58F352F52101BEBD001E6C16 /* UIImageView+AFNetworking.h */ = {isa = PBXFileReference; fileEncoding = 4; lastKnownFileType = sourcecode.c.h; path = "UIImageView+AFNetworking.h"; sourceTree = "<group>"; };
		58F352F62101BEBD001E6C16 /* AFImageDownloader.h */ = {isa = PBXFileReference; fileEncoding = 4; lastKnownFileType = sourcecode.c.h; path = AFImageDownloader.h; sourceTree = "<group>"; };
		58F352F72101BEBD001E6C16 /* AFNetworkActivityIndicatorManager.m */ = {isa = PBXFileReference; fileEncoding = 4; lastKnownFileType = sourcecode.c.objc; path = AFNetworkActivityIndicatorManager.m; sourceTree = "<group>"; };
		58F352F82101BEBD001E6C16 /* AFAutoPurgingImageCache.h */ = {isa = PBXFileReference; fileEncoding = 4; lastKnownFileType = sourcecode.c.h; path = AFAutoPurgingImageCache.h; sourceTree = "<group>"; };
		58F352F92101BEBD001E6C16 /* UIWebView+AFNetworking.h */ = {isa = PBXFileReference; fileEncoding = 4; lastKnownFileType = sourcecode.c.h; path = "UIWebView+AFNetworking.h"; sourceTree = "<group>"; };
		58F352FA2101BEBD001E6C16 /* UIActivityIndicatorView+AFNetworking.h */ = {isa = PBXFileReference; fileEncoding = 4; lastKnownFileType = sourcecode.c.h; path = "UIActivityIndicatorView+AFNetworking.h"; sourceTree = "<group>"; };
		58F352FB2101BEBD001E6C16 /* UIImage+AFNetworking.h */ = {isa = PBXFileReference; fileEncoding = 4; lastKnownFileType = sourcecode.c.h; path = "UIImage+AFNetworking.h"; sourceTree = "<group>"; };
		58F352FC2101BEBD001E6C16 /* UIProgressView+AFNetworking.h */ = {isa = PBXFileReference; fileEncoding = 4; lastKnownFileType = sourcecode.c.h; path = "UIProgressView+AFNetworking.h"; sourceTree = "<group>"; };
		58F352FD2101BEBD001E6C16 /* UIImageView+AFNetworking.m */ = {isa = PBXFileReference; fileEncoding = 4; lastKnownFileType = sourcecode.c.objc; path = "UIImageView+AFNetworking.m"; sourceTree = "<group>"; };
		58F352FE2101BEBD001E6C16 /* UIKit+AFNetworking.h */ = {isa = PBXFileReference; fileEncoding = 4; lastKnownFileType = sourcecode.c.h; path = "UIKit+AFNetworking.h"; sourceTree = "<group>"; };
		58F352FF2101BEBD001E6C16 /* UIRefreshControl+AFNetworking.h */ = {isa = PBXFileReference; fileEncoding = 4; lastKnownFileType = sourcecode.c.h; path = "UIRefreshControl+AFNetworking.h"; sourceTree = "<group>"; };
		58F353002101BEBD001E6C16 /* UIButton+AFNetworking.m */ = {isa = PBXFileReference; fileEncoding = 4; lastKnownFileType = sourcecode.c.objc; path = "UIButton+AFNetworking.m"; sourceTree = "<group>"; };
		58F353012101BEBD001E6C16 /* UIActivityIndicatorView+AFNetworking.m */ = {isa = PBXFileReference; fileEncoding = 4; lastKnownFileType = sourcecode.c.objc; path = "UIActivityIndicatorView+AFNetworking.m"; sourceTree = "<group>"; };
		58F353022101BEBD001E6C16 /* UIWebView+AFNetworking.m */ = {isa = PBXFileReference; fileEncoding = 4; lastKnownFileType = sourcecode.c.objc; path = "UIWebView+AFNetworking.m"; sourceTree = "<group>"; };
		58F353032101BEBD001E6C16 /* AFAutoPurgingImageCache.m */ = {isa = PBXFileReference; fileEncoding = 4; lastKnownFileType = sourcecode.c.objc; path = AFAutoPurgingImageCache.m; sourceTree = "<group>"; };
		58F353042101BEBD001E6C16 /* AFNetworkActivityIndicatorManager.h */ = {isa = PBXFileReference; fileEncoding = 4; lastKnownFileType = sourcecode.c.h; path = AFNetworkActivityIndicatorManager.h; sourceTree = "<group>"; };
		58F353052101BEBD001E6C16 /* AFImageDownloader.m */ = {isa = PBXFileReference; fileEncoding = 4; lastKnownFileType = sourcecode.c.objc; path = AFImageDownloader.m; sourceTree = "<group>"; };
		58F353072101BEBD001E6C16 /* AFSecurityPolicy.h */ = {isa = PBXFileReference; fileEncoding = 4; lastKnownFileType = sourcecode.c.h; path = AFSecurityPolicy.h; sourceTree = "<group>"; };
		58F353082101BEBD001E6C16 /* AFNetworkReachabilityManager.h */ = {isa = PBXFileReference; fileEncoding = 4; lastKnownFileType = sourcecode.c.h; path = AFNetworkReachabilityManager.h; sourceTree = "<group>"; };
		58F353092101BEBD001E6C16 /* AFURLSessionManager.h */ = {isa = PBXFileReference; fileEncoding = 4; lastKnownFileType = sourcecode.c.h; path = AFURLSessionManager.h; sourceTree = "<group>"; };
		58F3530A2101BEBD001E6C16 /* AFURLRequestSerialization.h */ = {isa = PBXFileReference; fileEncoding = 4; lastKnownFileType = sourcecode.c.h; path = AFURLRequestSerialization.h; sourceTree = "<group>"; };
		58F3530B2101BEBD001E6C16 /* AFURLResponseSerialization.m */ = {isa = PBXFileReference; fileEncoding = 4; lastKnownFileType = sourcecode.c.objc; path = AFURLResponseSerialization.m; sourceTree = "<group>"; };
		58F3530C2101BEBD001E6C16 /* AFHTTPSessionManager.m */ = {isa = PBXFileReference; fileEncoding = 4; lastKnownFileType = sourcecode.c.objc; path = AFHTTPSessionManager.m; sourceTree = "<group>"; };
		58F3530D2101BEBD001E6C16 /* AFURLResponseSerialization.h */ = {isa = PBXFileReference; fileEncoding = 4; lastKnownFileType = sourcecode.c.h; path = AFURLResponseSerialization.h; sourceTree = "<group>"; };
		58F3530E2101BEBD001E6C16 /* AFURLSessionManager.m */ = {isa = PBXFileReference; fileEncoding = 4; lastKnownFileType = sourcecode.c.objc; path = AFURLSessionManager.m; sourceTree = "<group>"; };
		58F3530F2101BEBD001E6C16 /* AFURLRequestSerialization.m */ = {isa = PBXFileReference; fileEncoding = 4; lastKnownFileType = sourcecode.c.objc; path = AFURLRequestSerialization.m; sourceTree = "<group>"; };
		58F353102101BEBD001E6C16 /* AFNetworking.h */ = {isa = PBXFileReference; fileEncoding = 4; lastKnownFileType = sourcecode.c.h; path = AFNetworking.h; sourceTree = "<group>"; };
		58F353112101BEBD001E6C16 /* AFNetworkReachabilityManager.m */ = {isa = PBXFileReference; fileEncoding = 4; lastKnownFileType = sourcecode.c.objc; path = AFNetworkReachabilityManager.m; sourceTree = "<group>"; };
		58F353122101BEBD001E6C16 /* AFSecurityPolicy.m */ = {isa = PBXFileReference; fileEncoding = 4; lastKnownFileType = sourcecode.c.objc; path = AFSecurityPolicy.m; sourceTree = "<group>"; };
		58F353132101BEBD001E6C16 /* AFHTTPSessionManager.h */ = {isa = PBXFileReference; fileEncoding = 4; lastKnownFileType = sourcecode.c.h; path = AFHTTPSessionManager.h; sourceTree = "<group>"; };
		58F353272101BEC5001E6C16 /* JSONValueTransformer.m */ = {isa = PBXFileReference; fileEncoding = 4; lastKnownFileType = sourcecode.c.objc; path = JSONValueTransformer.m; sourceTree = "<group>"; };
		58F353282101BEC5001E6C16 /* JSONKeyMapper.h */ = {isa = PBXFileReference; fileEncoding = 4; lastKnownFileType = sourcecode.c.h; path = JSONKeyMapper.h; sourceTree = "<group>"; };
		58F353292101BEC5001E6C16 /* JSONValueTransformer.h */ = {isa = PBXFileReference; fileEncoding = 4; lastKnownFileType = sourcecode.c.h; path = JSONValueTransformer.h; sourceTree = "<group>"; };
		58F3532A2101BEC5001E6C16 /* JSONKeyMapper.m */ = {isa = PBXFileReference; fileEncoding = 4; lastKnownFileType = sourcecode.c.objc; path = JSONKeyMapper.m; sourceTree = "<group>"; };
		58F3532C2101BEC5001E6C16 /* JSONModel.m */ = {isa = PBXFileReference; fileEncoding = 4; lastKnownFileType = sourcecode.c.objc; path = JSONModel.m; sourceTree = "<group>"; };
		58F3532D2101BEC5001E6C16 /* JSONModelError.m */ = {isa = PBXFileReference; fileEncoding = 4; lastKnownFileType = sourcecode.c.objc; path = JSONModelError.m; sourceTree = "<group>"; };
		58F3532E2101BEC5001E6C16 /* JSONModelClassProperty.h */ = {isa = PBXFileReference; fileEncoding = 4; lastKnownFileType = sourcecode.c.h; path = JSONModelClassProperty.h; sourceTree = "<group>"; };
		58F3532F2101BEC5001E6C16 /* JSONModel.h */ = {isa = PBXFileReference; fileEncoding = 4; lastKnownFileType = sourcecode.c.h; path = JSONModel.h; sourceTree = "<group>"; };
		58F353302101BEC5001E6C16 /* JSONModelClassProperty.m */ = {isa = PBXFileReference; fileEncoding = 4; lastKnownFileType = sourcecode.c.objc; path = JSONModelClassProperty.m; sourceTree = "<group>"; };
		58F353312101BEC5001E6C16 /* JSONModelError.h */ = {isa = PBXFileReference; fileEncoding = 4; lastKnownFileType = sourcecode.c.h; path = JSONModelError.h; sourceTree = "<group>"; };
		58F353322101BEC5001E6C16 /* JSONModelLib.h */ = {isa = PBXFileReference; fileEncoding = 4; lastKnownFileType = sourcecode.c.h; path = JSONModelLib.h; sourceTree = "<group>"; };
		58F353342101BEC5001E6C16 /* JSONHTTPClient.m */ = {isa = PBXFileReference; fileEncoding = 4; lastKnownFileType = sourcecode.c.objc; path = JSONHTTPClient.m; sourceTree = "<group>"; };
		58F353352101BEC5001E6C16 /* JSONAPI.m */ = {isa = PBXFileReference; fileEncoding = 4; lastKnownFileType = sourcecode.c.objc; path = JSONAPI.m; sourceTree = "<group>"; };
		58F353362101BEC5001E6C16 /* JSONModel+networking.h */ = {isa = PBXFileReference; fileEncoding = 4; lastKnownFileType = sourcecode.c.h; path = "JSONModel+networking.h"; sourceTree = "<group>"; };
		58F353372101BEC5001E6C16 /* JSONHTTPClient.h */ = {isa = PBXFileReference; fileEncoding = 4; lastKnownFileType = sourcecode.c.h; path = JSONHTTPClient.h; sourceTree = "<group>"; };
		58F353382101BEC5001E6C16 /* JSONAPI.h */ = {isa = PBXFileReference; fileEncoding = 4; lastKnownFileType = sourcecode.c.h; path = JSONAPI.h; sourceTree = "<group>"; };
		58F353392101BEC5001E6C16 /* JSONModel+networking.m */ = {isa = PBXFileReference; fileEncoding = 4; lastKnownFileType = sourcecode.c.objc; path = "JSONModel+networking.m"; sourceTree = "<group>"; };
		58F353432101BECC001E6C16 /* LICENSE */ = {isa = PBXFileReference; fileEncoding = 4; lastKnownFileType = text; path = LICENSE; sourceTree = "<group>"; };
		58F353442101BECC001E6C16 /* README.md */ = {isa = PBXFileReference; fileEncoding = 4; lastKnownFileType = net.daringfireball.markdown; path = README.md; sourceTree = "<group>"; };
		58F353462101BECC001E6C16 /* NSImage+WebCache.h */ = {isa = PBXFileReference; fileEncoding = 4; lastKnownFileType = sourcecode.c.h; path = "NSImage+WebCache.h"; sourceTree = "<group>"; };
		58F353472101BECC001E6C16 /* UIImageView+WebCache.h */ = {isa = PBXFileReference; fileEncoding = 4; lastKnownFileType = sourcecode.c.h; path = "UIImageView+WebCache.h"; sourceTree = "<group>"; };
		58F353482101BECC001E6C16 /* NSData+ImageContentType.h */ = {isa = PBXFileReference; fileEncoding = 4; lastKnownFileType = sourcecode.c.h; path = "NSData+ImageContentType.h"; sourceTree = "<group>"; };
		58F353492101BECC001E6C16 /* SDWebImageManager.m */ = {isa = PBXFileReference; fileEncoding = 4; lastKnownFileType = sourcecode.c.objc; path = SDWebImageManager.m; sourceTree = "<group>"; };
		58F3534A2101BECC001E6C16 /* SDWebImageDecoder.m */ = {isa = PBXFileReference; fileEncoding = 4; lastKnownFileType = sourcecode.c.objc; path = SDWebImageDecoder.m; sourceTree = "<group>"; };
		58F3534B2101BECC001E6C16 /* SDWebImageDownloaderOperation.h */ = {isa = PBXFileReference; fileEncoding = 4; lastKnownFileType = sourcecode.c.h; path = SDWebImageDownloaderOperation.h; sourceTree = "<group>"; };
		58F3534C2101BECC001E6C16 /* UIImageView+HighlightedWebCache.m */ = {isa = PBXFileReference; fileEncoding = 4; lastKnownFileType = sourcecode.c.objc; path = "UIImageView+HighlightedWebCache.m"; sourceTree = "<group>"; };
		58F3534D2101BECC001E6C16 /* SDImageCache.h */ = {isa = PBXFileReference; fileEncoding = 4; lastKnownFileType = sourcecode.c.h; path = SDImageCache.h; sourceTree = "<group>"; };
		58F3534E2101BECC001E6C16 /* SDImageCacheConfig.h */ = {isa = PBXFileReference; fileEncoding = 4; lastKnownFileType = sourcecode.c.h; path = SDImageCacheConfig.h; sourceTree = "<group>"; };
		58F3534F2101BECC001E6C16 /* SDWebImageDownloader.m */ = {isa = PBXFileReference; fileEncoding = 4; lastKnownFileType = sourcecode.c.objc; path = SDWebImageDownloader.m; sourceTree = "<group>"; };
		58F353502101BECC001E6C16 /* UIImage+GIF.m */ = {isa = PBXFileReference; fileEncoding = 4; lastKnownFileType = sourcecode.c.objc; path = "UIImage+GIF.m"; sourceTree = "<group>"; };
		58F353512101BECC001E6C16 /* UIButton+WebCache.h */ = {isa = PBXFileReference; fileEncoding = 4; lastKnownFileType = sourcecode.c.h; path = "UIButton+WebCache.h"; sourceTree = "<group>"; };
		58F353522101BECC001E6C16 /* UIImage+MultiFormat.m */ = {isa = PBXFileReference; fileEncoding = 4; lastKnownFileType = sourcecode.c.objc; path = "UIImage+MultiFormat.m"; sourceTree = "<group>"; };
		58F353532101BECC001E6C16 /* SDWebImageCompat.m */ = {isa = PBXFileReference; fileEncoding = 4; lastKnownFileType = sourcecode.c.objc; path = SDWebImageCompat.m; sourceTree = "<group>"; };
		58F353542101BECC001E6C16 /* SDWebImagePrefetcher.m */ = {isa = PBXFileReference; fileEncoding = 4; lastKnownFileType = sourcecode.c.objc; path = SDWebImagePrefetcher.m; sourceTree = "<group>"; };
		58F353552101BECC001E6C16 /* UIView+WebCache.h */ = {isa = PBXFileReference; fileEncoding = 4; lastKnownFileType = sourcecode.c.h; path = "UIView+WebCache.h"; sourceTree = "<group>"; };
		58F353562101BECC001E6C16 /* UIView+WebCacheOperation.h */ = {isa = PBXFileReference; fileEncoding = 4; lastKnownFileType = sourcecode.c.h; path = "UIView+WebCacheOperation.h"; sourceTree = "<group>"; };
		58F353572101BECC001E6C16 /* SDImageCache.m */ = {isa = PBXFileReference; fileEncoding = 4; lastKnownFileType = sourcecode.c.objc; path = SDImageCache.m; sourceTree = "<group>"; };
		58F353582101BECC001E6C16 /* UIImageView+HighlightedWebCache.h */ = {isa = PBXFileReference; fileEncoding = 4; lastKnownFileType = sourcecode.c.h; path = "UIImageView+HighlightedWebCache.h"; sourceTree = "<group>"; };
		58F353592101BECC001E6C16 /* SDWebImageDownloaderOperation.m */ = {isa = PBXFileReference; fileEncoding = 4; lastKnownFileType = sourcecode.c.objc; path = SDWebImageDownloaderOperation.m; sourceTree = "<group>"; };
		58F3535A2101BECC001E6C16 /* SDWebImageDecoder.h */ = {isa = PBXFileReference; fileEncoding = 4; lastKnownFileType = sourcecode.c.h; path = SDWebImageDecoder.h; sourceTree = "<group>"; };
		58F3535B2101BECC001E6C16 /* SDWebImageManager.h */ = {isa = PBXFileReference; fileEncoding = 4; lastKnownFileType = sourcecode.c.h; path = SDWebImageManager.h; sourceTree = "<group>"; };
		58F3535C2101BECC001E6C16 /* NSData+ImageContentType.m */ = {isa = PBXFileReference; fileEncoding = 4; lastKnownFileType = sourcecode.c.objc; path = "NSData+ImageContentType.m"; sourceTree = "<group>"; };
		58F3535D2101BECC001E6C16 /* UIImageView+WebCache.m */ = {isa = PBXFileReference; fileEncoding = 4; lastKnownFileType = sourcecode.c.objc; path = "UIImageView+WebCache.m"; sourceTree = "<group>"; };
		58F3535E2101BECC001E6C16 /* SDWebImageOperation.h */ = {isa = PBXFileReference; fileEncoding = 4; lastKnownFileType = sourcecode.c.h; path = SDWebImageOperation.h; sourceTree = "<group>"; };
		58F3535F2101BECC001E6C16 /* NSImage+WebCache.m */ = {isa = PBXFileReference; fileEncoding = 4; lastKnownFileType = sourcecode.c.objc; path = "NSImage+WebCache.m"; sourceTree = "<group>"; };
		58F353602101BECC001E6C16 /* SDWebImageDownloader.h */ = {isa = PBXFileReference; fileEncoding = 4; lastKnownFileType = sourcecode.c.h; path = SDWebImageDownloader.h; sourceTree = "<group>"; };
		58F353612101BECC001E6C16 /* SDImageCacheConfig.m */ = {isa = PBXFileReference; fileEncoding = 4; lastKnownFileType = sourcecode.c.objc; path = SDImageCacheConfig.m; sourceTree = "<group>"; };
		58F353622101BECC001E6C16 /* UIView+WebCacheOperation.m */ = {isa = PBXFileReference; fileEncoding = 4; lastKnownFileType = sourcecode.c.objc; path = "UIView+WebCacheOperation.m"; sourceTree = "<group>"; };
		58F353632101BECC001E6C16 /* UIView+WebCache.m */ = {isa = PBXFileReference; fileEncoding = 4; lastKnownFileType = sourcecode.c.objc; path = "UIView+WebCache.m"; sourceTree = "<group>"; };
		58F353642101BECC001E6C16 /* SDWebImagePrefetcher.h */ = {isa = PBXFileReference; fileEncoding = 4; lastKnownFileType = sourcecode.c.h; path = SDWebImagePrefetcher.h; sourceTree = "<group>"; };
		58F353652101BECC001E6C16 /* SDWebImageCompat.h */ = {isa = PBXFileReference; fileEncoding = 4; lastKnownFileType = sourcecode.c.h; path = SDWebImageCompat.h; sourceTree = "<group>"; };
		58F353662101BECC001E6C16 /* UIImage+MultiFormat.h */ = {isa = PBXFileReference; fileEncoding = 4; lastKnownFileType = sourcecode.c.h; path = "UIImage+MultiFormat.h"; sourceTree = "<group>"; };
		58F353672101BECC001E6C16 /* UIButton+WebCache.m */ = {isa = PBXFileReference; fileEncoding = 4; lastKnownFileType = sourcecode.c.objc; path = "UIButton+WebCache.m"; sourceTree = "<group>"; };
		58F353682101BECC001E6C16 /* UIImage+GIF.h */ = {isa = PBXFileReference; fileEncoding = 4; lastKnownFileType = sourcecode.c.h; path = "UIImage+GIF.h"; sourceTree = "<group>"; };
		58F3537D2101D058001E6C16 /* XYALoginButton.h */ = {isa = PBXFileReference; lastKnownFileType = sourcecode.c.h; path = XYALoginButton.h; sourceTree = "<group>"; };
		58F3537E2101D058001E6C16 /* XYALoginButton.m */ = {isa = PBXFileReference; lastKnownFileType = sourcecode.c.objc; path = XYALoginButton.m; sourceTree = "<group>"; };
		58F353882101D699001E6C16 /* WeChat.png */ = {isa = PBXFileReference; lastKnownFileType = image.png; path = WeChat.png; sourceTree = "<group>"; };
		58F3538B2101E0F5001E6C16 /* ic_tab_index_library_normal@2x.png */ = {isa = PBXFileReference; lastKnownFileType = image.png; path = "ic_tab_index_library_normal@2x.png"; sourceTree = "<group>"; };
		58F3538C2101E0F5001E6C16 /* ic_tab_index_education_selected@2x.png */ = {isa = PBXFileReference; lastKnownFileType = image.png; path = "ic_tab_index_education_selected@2x.png"; sourceTree = "<group>"; };
		58F3538D2101E0F5001E6C16 /* ic_tab_index_activity_normal@2x.png */ = {isa = PBXFileReference; lastKnownFileType = image.png; path = "ic_tab_index_activity_normal@2x.png"; sourceTree = "<group>"; };
		58F3538E2101E0F6001E6C16 /* ic_tab_index_myInfo_normal@2x.png */ = {isa = PBXFileReference; lastKnownFileType = image.png; path = "ic_tab_index_myInfo_normal@2x.png"; sourceTree = "<group>"; };
		58F353932101FDF9001E6C16 /* ic_tab_index_activity_selected@2x.png */ = {isa = PBXFileReference; lastKnownFileType = image.png; path = "ic_tab_index_activity_selected@2x.png"; sourceTree = "<group>"; };
		58F353942101FDF9001E6C16 /* ic_tab_index_library_selected@2x.png */ = {isa = PBXFileReference; lastKnownFileType = image.png; path = "ic_tab_index_library_selected@2x.png"; sourceTree = "<group>"; };
		58F353952101FDF9001E6C16 /* ic_tab_index_myInfo_selected@2x.png */ = {isa = PBXFileReference; lastKnownFileType = image.png; path = "ic_tab_index_myInfo_selected@2x.png"; sourceTree = "<group>"; };
		58F353992101FE1B001E6C16 /* ic_tab_index_education_normal@2x.png */ = {isa = PBXFileReference; lastKnownFileType = image.png; path = "ic_tab_index_education_normal@2x.png"; sourceTree = "<group>"; };
		58F353A7210204A4001E6C16 /* XYAEducationView.h */ = {isa = PBXFileReference; lastKnownFileType = sourcecode.c.h; path = XYAEducationView.h; sourceTree = "<group>"; };
		58F353A8210204A4001E6C16 /* XYAEducationView.m */ = {isa = PBXFileReference; lastKnownFileType = sourcecode.c.objc; path = XYAEducationView.m; sourceTree = "<group>"; };
		58F353AD21021B9A001E6C16 /* XYATimetableTableViewCell.h */ = {isa = PBXFileReference; lastKnownFileType = sourcecode.c.h; path = XYATimetableTableViewCell.h; sourceTree = "<group>"; };
		58F353AE21021B9A001E6C16 /* XYATimetableTableViewCell.m */ = {isa = PBXFileReference; lastKnownFileType = sourcecode.c.objc; path = XYATimetableTableViewCell.m; sourceTree = "<group>"; };
		58F353B12102BED6001E6C16 /* XYATimetableLabel.h */ = {isa = PBXFileReference; lastKnownFileType = sourcecode.c.h; path = XYATimetableLabel.h; sourceTree = "<group>"; };
		58F353B22102BED6001E6C16 /* XYATimetableLabel.m */ = {isa = PBXFileReference; lastKnownFileType = sourcecode.c.objc; path = XYATimetableLabel.m; sourceTree = "<group>"; };
		58F353BC21031107001E6C16 /* XYAAttendanceViewController.h */ = {isa = PBXFileReference; lastKnownFileType = sourcecode.c.h; path = XYAAttendanceViewController.h; sourceTree = "<group>"; };
		58F353BD21031107001E6C16 /* XYAAttendanceViewController.m */ = {isa = PBXFileReference; lastKnownFileType = sourcecode.c.objc; path = XYAAttendanceViewController.m; sourceTree = "<group>"; };
		58FF6E9F21058062000AE366 /* XYAEducationAPI.h */ = {isa = PBXFileReference; lastKnownFileType = sourcecode.c.h; path = XYAEducationAPI.h; sourceTree = "<group>"; };
		58FF6EA021058062000AE366 /* XYAEducationAPI.m */ = {isa = PBXFileReference; lastKnownFileType = sourcecode.c.objc; path = XYAEducationAPI.m; sourceTree = "<group>"; };
		58FF6EA22105D148000AE366 /* XYAHttpSessionManager.h */ = {isa = PBXFileReference; lastKnownFileType = sourcecode.c.h; path = XYAHttpSessionManager.h; sourceTree = "<group>"; };
		58FF6EA32105D148000AE366 /* XYAHttpSessionManager.m */ = {isa = PBXFileReference; lastKnownFileType = sourcecode.c.objc; path = XYAHttpSessionManager.m; sourceTree = "<group>"; };
		58FF6EA52105D4FE000AE366 /* XYAEducationResultModel.h */ = {isa = PBXFileReference; lastKnownFileType = sourcecode.c.h; path = XYAEducationResultModel.h; sourceTree = "<group>"; };
		58FF6EA62105D4FE000AE366 /* XYAEducationResultModel.m */ = {isa = PBXFileReference; lastKnownFileType = sourcecode.c.objc; path = XYAEducationResultModel.m; sourceTree = "<group>"; };
		58FF6EAB2105FD95000AE366 /* XYALoginViewController.h */ = {isa = PBXFileReference; lastKnownFileType = sourcecode.c.h; path = XYALoginViewController.h; sourceTree = "<group>"; };
		58FF6EAC2105FD95000AE366 /* XYALoginViewController.m */ = {isa = PBXFileReference; lastKnownFileType = sourcecode.c.objc; path = XYALoginViewController.m; sourceTree = "<group>"; };
		58FF6EAE2105FDA5000AE366 /* XYALoginView.h */ = {isa = PBXFileReference; lastKnownFileType = sourcecode.c.h; path = XYALoginView.h; sourceTree = "<group>"; };
		58FF6EAF2105FDA5000AE366 /* XYALoginView.m */ = {isa = PBXFileReference; lastKnownFileType = sourcecode.c.objc; path = XYALoginView.m; sourceTree = "<group>"; };
/* End PBXFileReference section */

/* Begin PBXFrameworksBuildPhase section */
		58F352482100C5F8001E6C16 /* Frameworks */ = {
			isa = PBXFrameworksBuildPhase;
			buildActionMask = 2147483647;
			files = (
			);
			runOnlyForDeploymentPostprocessing = 0;
		};
		58F352602100C5F9001E6C16 /* Frameworks */ = {
			isa = PBXFrameworksBuildPhase;
			buildActionMask = 2147483647;
			files = (
			);
			runOnlyForDeploymentPostprocessing = 0;
		};
		58F3526B2100C5F9001E6C16 /* Frameworks */ = {
			isa = PBXFrameworksBuildPhase;
			buildActionMask = 2147483647;
			files = (
			);
			runOnlyForDeploymentPostprocessing = 0;
		};
/* End PBXFrameworksBuildPhase section */

/* Begin PBXGroup section */
		5874460C2107274D00E6891F /* Manager */ = {
			isa = PBXGroup;
			children = (
				58FF6EA22105D148000AE366 /* XYAHttpSessionManager.h */,
				58FF6EA32105D148000AE366 /* XYAHttpSessionManager.m */,
				58AF129821081376005381A5 /* XYAURLSessionManager.h */,
				58AF129921081376005381A5 /* XYAURLSessionManager.m */,
				5874460D2107276C00E6891F /* XYAEducationManager.h */,
				5874460E2107276C00E6891F /* XYAEducationManager.m */,
			);
			path = Manager;
			sourceTree = "<group>";
		};
		5874461021072A6A00E6891F /* Protocol */ = {
			isa = PBXGroup;
			children = (
				5874461121072A8A00E6891F /* XYAEducationProtocol.h */,
			);
			path = Protocol;
			sourceTree = "<group>";
		};
		58AF129B210861FB005381A5 /* Attendance */ = {
			isa = PBXGroup;
			children = (
				58AF129C2108621C005381A5 /* XYAAttendanceView.h */,
				58AF129D2108621C005381A5 /* XYAAttendanceView.m */,
				58A843A92108BD140038E6BE /* XYAAttendanceTableViewCell.h */,
				58A843AA2108BD140038E6BE /* XYAAttendanceTableViewCell.m */,
			);
			path = Attendance;
			sourceTree = "<group>";
		};
		58AF129F21087874005381A5 /* Education */ = {
			isa = PBXGroup;
			children = (
				58AF12A221087909005381A5 /* time_icon.png */,
				58AF12A0210878EF005381A5 /* class_icon.png */,
				58A843A72108B33D0038E6BE /* arrow_icon.png */,
			);
			path = Education;
			sourceTree = "<group>";
		};
		58F352422100C5F8001E6C16 = {
			isa = PBXGroup;
			children = (
				58F3524D2100C5F8001E6C16 /* Assistant */,
				58F352662100C5F9001E6C16 /* AssistantTests */,
				58F352712100C5F9001E6C16 /* AssistantUITests */,
				58F3524C2100C5F8001E6C16 /* Products */,
			);
			sourceTree = "<group>";
		};
		58F3524C2100C5F8001E6C16 /* Products */ = {
			isa = PBXGroup;
			children = (
				58F3524B2100C5F8001E6C16 /* Assistant.app */,
				58F352632100C5F9001E6C16 /* AssistantTests.xctest */,
				58F3526E2100C5F9001E6C16 /* AssistantUITests.xctest */,
			);
			name = Products;
			sourceTree = "<group>";
		};
		58F3524D2100C5F8001E6C16 /* Assistant */ = {
			isa = PBXGroup;
			children = (
				58F352802100CB52001E6C16 /* Main */,
				58F352B52101BACC001E6C16 /* Resource */,
				58FF6E9C21057FE7000AE366 /* HTTP */,
				58F352C92101BE73001E6C16 /* Vendor */,
				58F352AA210171B8001E6C16 /* Base */,
				58F353B02102BE96001E6C16 /* Custom */,
				58F352812100CBAB001E6C16 /* Classes */,
				58F3525C2100C5F8001E6C16 /* Info.plist */,
			);
			path = Assistant;
			sourceTree = "<group>";
		};
		58F352662100C5F9001E6C16 /* AssistantTests */ = {
			isa = PBXGroup;
			children = (
				58F352672100C5F9001E6C16 /* AssistantTests.m */,
				58F352692100C5F9001E6C16 /* Info.plist */,
			);
			path = AssistantTests;
			sourceTree = "<group>";
		};
		58F352712100C5F9001E6C16 /* AssistantUITests */ = {
			isa = PBXGroup;
			children = (
				58F352722100C5F9001E6C16 /* AssistantUITests.m */,
				58F352742100C5F9001E6C16 /* Info.plist */,
			);
			path = AssistantUITests;
			sourceTree = "<group>";
		};
		58F352802100CB52001E6C16 /* Main */ = {
			isa = PBXGroup;
			children = (
				58F3524E2100C5F8001E6C16 /* AppDelegate.h */,
				58F3524F2100C5F8001E6C16 /* AppDelegate.m */,
				58F352B0210182D6001E6C16 /* LaunchScreen.storyboard */,
				58F352B2210182F5001E6C16 /* Main.storyboard */,
				58F352572100C5F8001E6C16 /* Assets.xcassets */,
				58F3525D2100C5F8001E6C16 /* main.m */,
			);
			path = Main;
			sourceTree = "<group>";
		};
		58F352812100CBAB001E6C16 /* Classes */ = {
			isa = PBXGroup;
			children = (
				58F352BE2101BD06001E6C16 /* Login */,
				58F352822100CE69001E6C16 /* Education */,
				58F3529221016D84001E6C16 /* Library */,
				58F3529621016DC3001E6C16 /* Activity */,
				58F3529A21016DE7001E6C16 /* MyInfo */,
			);
			path = Classes;
			sourceTree = "<group>";
		};
		58F352822100CE69001E6C16 /* Education */ = {
			isa = PBXGroup;
			children = (
				58F3528721016B9A001E6C16 /* Views */,
				58F3528821016BA6001E6C16 /* Controllers */,
				58F353A521020473001E6C16 /* Models */,
			);
			path = Education;
			sourceTree = "<group>";
		};
		58F3528721016B9A001E6C16 /* Views */ = {
			isa = PBXGroup;
			children = (
				58AF129B210861FB005381A5 /* Attendance */,
				58F353A621020489001E6C16 /* EducationView */,
			);
			path = Views;
			sourceTree = "<group>";
		};
		58F3528821016BA6001E6C16 /* Controllers */ = {
			isa = PBXGroup;
			children = (
				58F353BB210310EE001E6C16 /* Attendance */,
				58F3528A21016BFB001E6C16 /* EducationController */,
			);
			path = Controllers;
			sourceTree = "<group>";
		};
		58F3528A21016BFB001E6C16 /* EducationController */ = {
			isa = PBXGroup;
			children = (
				58F3528B21016CA0001E6C16 /* XYAEducationViewController.h */,
				58F3528C21016CA0001E6C16 /* XYAEducationViewController.m */,
			);
			path = EducationController;
			sourceTree = "<group>";
		};
		58F3529221016D84001E6C16 /* Library */ = {
			isa = PBXGroup;
			children = (
				58F3529321016D84001E6C16 /* Models */,
				58F3529421016D84001E6C16 /* Controllers */,
				58F3529521016D84001E6C16 /* Views */,
			);
			path = Library;
			sourceTree = "<group>";
		};
		58F3529321016D84001E6C16 /* Models */ = {
			isa = PBXGroup;
			children = (
			);
			path = Models;
			sourceTree = "<group>";
		};
		58F3529421016D84001E6C16 /* Controllers */ = {
			isa = PBXGroup;
			children = (
				58F3529E21016E07001E6C16 /* LibraryController */,
			);
			path = Controllers;
			sourceTree = "<group>";
		};
		58F3529521016D84001E6C16 /* Views */ = {
			isa = PBXGroup;
			children = (
			);
			path = Views;
			sourceTree = "<group>";
		};
		58F3529621016DC3001E6C16 /* Activity */ = {
			isa = PBXGroup;
			children = (
				58F3529721016DC3001E6C16 /* Models */,
				58F3529821016DC3001E6C16 /* Controllers */,
				58F3529921016DC3001E6C16 /* Views */,
			);
			path = Activity;
			sourceTree = "<group>";
		};
		58F3529721016DC3001E6C16 /* Models */ = {
			isa = PBXGroup;
			children = (
			);
			path = Models;
			sourceTree = "<group>";
		};
		58F3529821016DC3001E6C16 /* Controllers */ = {
			isa = PBXGroup;
			children = (
				58F3529F21016E1B001E6C16 /* ActivityController */,
			);
			path = Controllers;
			sourceTree = "<group>";
		};
		58F3529921016DC3001E6C16 /* Views */ = {
			isa = PBXGroup;
			children = (
			);
			path = Views;
			sourceTree = "<group>";
		};
		58F3529A21016DE7001E6C16 /* MyInfo */ = {
			isa = PBXGroup;
			children = (
				58F3529B21016DE7001E6C16 /* Models */,
				58F3529C21016DE7001E6C16 /* Controllers */,
				58F3529D21016DE7001E6C16 /* Views */,
			);
			path = MyInfo;
			sourceTree = "<group>";
		};
		58F3529B21016DE7001E6C16 /* Models */ = {
			isa = PBXGroup;
			children = (
			);
			path = Models;
			sourceTree = "<group>";
		};
		58F3529C21016DE7001E6C16 /* Controllers */ = {
			isa = PBXGroup;
			children = (
				58F352A021016E2F001E6C16 /* MyInfoController */,
			);
			path = Controllers;
			sourceTree = "<group>";
		};
		58F3529D21016DE7001E6C16 /* Views */ = {
			isa = PBXGroup;
			children = (
			);
			path = Views;
			sourceTree = "<group>";
		};
		58F3529E21016E07001E6C16 /* LibraryController */ = {
			isa = PBXGroup;
			children = (
				58F352A121016E4C001E6C16 /* XYALibraryViewController.h */,
				58F352A221016E4C001E6C16 /* XYALibraryViewController.m */,
			);
			path = LibraryController;
			sourceTree = "<group>";
		};
		58F3529F21016E1B001E6C16 /* ActivityController */ = {
			isa = PBXGroup;
			children = (
				58F352A421016E62001E6C16 /* XYAActivityViewController.h */,
				58F352A521016E62001E6C16 /* XYAActivityViewController.m */,
			);
			path = ActivityController;
			sourceTree = "<group>";
		};
		58F352A021016E2F001E6C16 /* MyInfoController */ = {
			isa = PBXGroup;
			children = (
				58F352A721016E72001E6C16 /* XYAMyInfoViewController.h */,
				58F352A821016E72001E6C16 /* XYAMyInfoViewController.m */,
			);
			path = MyInfoController;
			sourceTree = "<group>";
		};
		58F352AA210171B8001E6C16 /* Base */ = {
			isa = PBXGroup;
			children = (
				58F352AB210171D1001E6C16 /* Controllers */,
			);
			path = Base;
			sourceTree = "<group>";
		};
		58F352AB210171D1001E6C16 /* Controllers */ = {
			isa = PBXGroup;
			children = (
				58F352AC210171EF001E6C16 /* MainTabBarController */,
			);
			path = Controllers;
			sourceTree = "<group>";
		};
		58F352AC210171EF001E6C16 /* MainTabBarController */ = {
			isa = PBXGroup;
			children = (
				58F352AD2101720B001E6C16 /* XYAMainTabBarViewController.h */,
				58F352AE2101720B001E6C16 /* XYAMainTabBarViewController.m */,
			);
			path = MainTabBarController;
			sourceTree = "<group>";
		};
		58F352B52101BACC001E6C16 /* Resource */ = {
			isa = PBXGroup;
			children = (
				58AF129F21087874005381A5 /* Education */,
				58F3538A2101DED2001E6C16 /* TabBar */,
				58F352B62101BC60001E6C16 /* login */,
			);
			path = Resource;
			sourceTree = "<group>";
		};
		58F352B62101BC60001E6C16 /* login */ = {
			isa = PBXGroup;
			children = (
				580EC2082106AE1000B92004 /* password.png */,
				580EC2062106ADFF00B92004 /* vercode.png */,
				580EC2042106ADD900B92004 /* username.png */,
				58F353882101D699001E6C16 /* WeChat.png */,
				58F352B72101BC74001E6C16 /* people.png */,
				58F352B92101BC74001E6C16 /* XUPT.png */,
			);
			path = login;
			sourceTree = "<group>";
		};
		58F352BE2101BD06001E6C16 /* Login */ = {
			isa = PBXGroup;
			children = (
				58F352C12101BD06001E6C16 /* View */,
				58F352BF2101BD06001E6C16 /* Controller */,
				58F352C02101BD06001E6C16 /* Model */,
			);
			path = Login;
			sourceTree = "<group>";
		};
		58F352BF2101BD06001E6C16 /* Controller */ = {
			isa = PBXGroup;
			children = (
				58F352C32101BD2F001E6C16 /* XYAMainLoginViewController.h */,
				58F352C42101BD2F001E6C16 /* XYAMainLoginViewController.m */,
				58FF6EAB2105FD95000AE366 /* XYALoginViewController.h */,
				58FF6EAC2105FD95000AE366 /* XYALoginViewController.m */,
			);
			path = Controller;
			sourceTree = "<group>";
		};
		58F352C02101BD06001E6C16 /* Model */ = {
			isa = PBXGroup;
			children = (
			);
			path = Model;
			sourceTree = "<group>";
		};
		58F352C12101BD06001E6C16 /* View */ = {
			isa = PBXGroup;
			children = (
				58F3537C2101D045001E6C16 /* loginButton */,
				58F352C62101BD49001E6C16 /* XYAMainLoginView.h */,
				58F352C72101BD49001E6C16 /* XYAMainLoginView.m */,
				58FF6EAE2105FDA5000AE366 /* XYALoginView.h */,
				58FF6EAF2105FDA5000AE366 /* XYALoginView.m */,
			);
			path = View;
			sourceTree = "<group>";
		};
		58F352C92101BE73001E6C16 /* Vendor */ = {
			isa = PBXGroup;
			children = (
				58F352CA2101BEB3001E6C16 /* Masonry */,
				58F352EE2101BEBD001E6C16 /* AFNetworking */,
				58F353252101BEC5001E6C16 /* JSONModel */,
				58F353422101BECC001E6C16 /* SDWebImage */,
			);
			name = Vendor;
			path = Assistant/Vendor;
			sourceTree = SOURCE_ROOT;
		};
		58F352CA2101BEB3001E6C16 /* Masonry */ = {
			isa = PBXGroup;
			children = (
				58F352CB2101BEB3001E6C16 /* MASCompositeConstraint.h */,
				58F352CC2101BEB3001E6C16 /* NSLayoutConstraint+MASDebugAdditions.m */,
				58F352CD2101BEB3001E6C16 /* MASConstraint+Private.h */,
				58F352CE2101BEB3001E6C16 /* MASLayoutConstraint.h */,
				58F352CF2101BEB3001E6C16 /* NSArray+MASShorthandAdditions.h */,
				58F352D02101BEB3001E6C16 /* MASConstraintMaker.h */,
				58F352D12101BEB3001E6C16 /* View+MASAdditions.h */,
				58F352D22101BEB3001E6C16 /* NSArray+MASAdditions.h */,
				58F352D32101BEB3001E6C16 /* MASUtilities.h */,
				58F352D42101BEB3001E6C16 /* MASViewAttribute.h */,
				58F352D52101BEB3001E6C16 /* ViewController+MASAdditions.m */,
				58F352D62101BEB3001E6C16 /* MASViewConstraint.h */,
				58F352D72101BEB3001E6C16 /* MASConstraint.h */,
				58F352D82101BEB3001E6C16 /* NSLayoutConstraint+MASDebugAdditions.h */,
				58F352D92101BEB3001E6C16 /* MASCompositeConstraint.m */,
				58F352DA2101BEB3001E6C16 /* MASConstraintMaker.m */,
				58F352DB2101BEB3001E6C16 /* MASLayoutConstraint.m */,
				58F352DC2101BEB3001E6C16 /* NSArray+MASAdditions.m */,
				58F352DD2101BEB3001E6C16 /* View+MASAdditions.m */,
				58F352DE2101BEB3001E6C16 /* View+MASShorthandAdditions.h */,
				58F352DF2101BEB3001E6C16 /* Masonry.h */,
				58F352E02101BEB3001E6C16 /* MASConstraint.m */,
				58F352E12101BEB3001E6C16 /* ViewController+MASAdditions.h */,
				58F352E22101BEB3001E6C16 /* MASViewConstraint.m */,
				58F352E32101BEB3001E6C16 /* MASViewAttribute.m */,
			);
			path = Masonry;
			sourceTree = "<group>";
		};
		58F352EE2101BEBD001E6C16 /* AFNetworking */ = {
			isa = PBXGroup;
			children = (
				58F352EF2101BEBD001E6C16 /* LICENSE */,
				58F352F02101BEBD001E6C16 /* README.md */,
				58F352F12101BEBD001E6C16 /* UIKit+AFNetworking */,
				58F353062101BEBD001E6C16 /* AFNetworking */,
			);
			path = AFNetworking;
			sourceTree = "<group>";
		};
		58F352F12101BEBD001E6C16 /* UIKit+AFNetworking */ = {
			isa = PBXGroup;
			children = (
				58F352F22101BEBD001E6C16 /* UIProgressView+AFNetworking.m */,
				58F352F32101BEBD001E6C16 /* UIButton+AFNetworking.h */,
				58F352F42101BEBD001E6C16 /* UIRefreshControl+AFNetworking.m */,
				58F352F52101BEBD001E6C16 /* UIImageView+AFNetworking.h */,
				58F352F62101BEBD001E6C16 /* AFImageDownloader.h */,
				58F352F72101BEBD001E6C16 /* AFNetworkActivityIndicatorManager.m */,
				58F352F82101BEBD001E6C16 /* AFAutoPurgingImageCache.h */,
				58F352F92101BEBD001E6C16 /* UIWebView+AFNetworking.h */,
				58F352FA2101BEBD001E6C16 /* UIActivityIndicatorView+AFNetworking.h */,
				58F352FB2101BEBD001E6C16 /* UIImage+AFNetworking.h */,
				58F352FC2101BEBD001E6C16 /* UIProgressView+AFNetworking.h */,
				58F352FD2101BEBD001E6C16 /* UIImageView+AFNetworking.m */,
				58F352FE2101BEBD001E6C16 /* UIKit+AFNetworking.h */,
				58F352FF2101BEBD001E6C16 /* UIRefreshControl+AFNetworking.h */,
				58F353002101BEBD001E6C16 /* UIButton+AFNetworking.m */,
				58F353012101BEBD001E6C16 /* UIActivityIndicatorView+AFNetworking.m */,
				58F353022101BEBD001E6C16 /* UIWebView+AFNetworking.m */,
				58F353032101BEBD001E6C16 /* AFAutoPurgingImageCache.m */,
				58F353042101BEBD001E6C16 /* AFNetworkActivityIndicatorManager.h */,
				58F353052101BEBD001E6C16 /* AFImageDownloader.m */,
			);
			path = "UIKit+AFNetworking";
			sourceTree = "<group>";
		};
		58F353062101BEBD001E6C16 /* AFNetworking */ = {
			isa = PBXGroup;
			children = (
				58F353072101BEBD001E6C16 /* AFSecurityPolicy.h */,
				58F353082101BEBD001E6C16 /* AFNetworkReachabilityManager.h */,
				58F353092101BEBD001E6C16 /* AFURLSessionManager.h */,
				58F3530A2101BEBD001E6C16 /* AFURLRequestSerialization.h */,
				58F3530B2101BEBD001E6C16 /* AFURLResponseSerialization.m */,
				58F3530C2101BEBD001E6C16 /* AFHTTPSessionManager.m */,
				58F3530D2101BEBD001E6C16 /* AFURLResponseSerialization.h */,
				58F3530E2101BEBD001E6C16 /* AFURLSessionManager.m */,
				58F3530F2101BEBD001E6C16 /* AFURLRequestSerialization.m */,
				58F353102101BEBD001E6C16 /* AFNetworking.h */,
				58F353112101BEBD001E6C16 /* AFNetworkReachabilityManager.m */,
				58F353122101BEBD001E6C16 /* AFSecurityPolicy.m */,
				58F353132101BEBD001E6C16 /* AFHTTPSessionManager.h */,
			);
			path = AFNetworking;
			sourceTree = "<group>";
		};
		58F353252101BEC5001E6C16 /* JSONModel */ = {
			isa = PBXGroup;
			children = (
				58F353262101BEC5001E6C16 /* JSONModelTransformations */,
				58F3532B2101BEC5001E6C16 /* JSONModel */,
				58F353322101BEC5001E6C16 /* JSONModelLib.h */,
				58F353332101BEC5001E6C16 /* JSONModelNetworking */,
			);
			path = JSONModel;
			sourceTree = "<group>";
		};
		58F353262101BEC5001E6C16 /* JSONModelTransformations */ = {
			isa = PBXGroup;
			children = (
				58F353272101BEC5001E6C16 /* JSONValueTransformer.m */,
				58F353282101BEC5001E6C16 /* JSONKeyMapper.h */,
				58F353292101BEC5001E6C16 /* JSONValueTransformer.h */,
				58F3532A2101BEC5001E6C16 /* JSONKeyMapper.m */,
			);
			path = JSONModelTransformations;
			sourceTree = "<group>";
		};
		58F3532B2101BEC5001E6C16 /* JSONModel */ = {
			isa = PBXGroup;
			children = (
				58F3532C2101BEC5001E6C16 /* JSONModel.m */,
				58F3532D2101BEC5001E6C16 /* JSONModelError.m */,
				58F3532E2101BEC5001E6C16 /* JSONModelClassProperty.h */,
				58F3532F2101BEC5001E6C16 /* JSONModel.h */,
				58F353302101BEC5001E6C16 /* JSONModelClassProperty.m */,
				58F353312101BEC5001E6C16 /* JSONModelError.h */,
			);
			path = JSONModel;
			sourceTree = "<group>";
		};
		58F353332101BEC5001E6C16 /* JSONModelNetworking */ = {
			isa = PBXGroup;
			children = (
				58F353342101BEC5001E6C16 /* JSONHTTPClient.m */,
				58F353352101BEC5001E6C16 /* JSONAPI.m */,
				58F353362101BEC5001E6C16 /* JSONModel+networking.h */,
				58F353372101BEC5001E6C16 /* JSONHTTPClient.h */,
				58F353382101BEC5001E6C16 /* JSONAPI.h */,
				58F353392101BEC5001E6C16 /* JSONModel+networking.m */,
			);
			path = JSONModelNetworking;
			sourceTree = "<group>";
		};
		58F353422101BECC001E6C16 /* SDWebImage */ = {
			isa = PBXGroup;
			children = (
				58F353432101BECC001E6C16 /* LICENSE */,
				58F353442101BECC001E6C16 /* README.md */,
				58F353452101BECC001E6C16 /* SDWebImage */,
			);
			path = SDWebImage;
			sourceTree = "<group>";
		};
		58F353452101BECC001E6C16 /* SDWebImage */ = {
			isa = PBXGroup;
			children = (
				58F353462101BECC001E6C16 /* NSImage+WebCache.h */,
				58F353472101BECC001E6C16 /* UIImageView+WebCache.h */,
				58F353482101BECC001E6C16 /* NSData+ImageContentType.h */,
				58F353492101BECC001E6C16 /* SDWebImageManager.m */,
				58F3534A2101BECC001E6C16 /* SDWebImageDecoder.m */,
				58F3534B2101BECC001E6C16 /* SDWebImageDownloaderOperation.h */,
				58F3534C2101BECC001E6C16 /* UIImageView+HighlightedWebCache.m */,
				58F3534D2101BECC001E6C16 /* SDImageCache.h */,
				58F3534E2101BECC001E6C16 /* SDImageCacheConfig.h */,
				58F3534F2101BECC001E6C16 /* SDWebImageDownloader.m */,
				58F353502101BECC001E6C16 /* UIImage+GIF.m */,
				58F353512101BECC001E6C16 /* UIButton+WebCache.h */,
				58F353522101BECC001E6C16 /* UIImage+MultiFormat.m */,
				58F353532101BECC001E6C16 /* SDWebImageCompat.m */,
				58F353542101BECC001E6C16 /* SDWebImagePrefetcher.m */,
				58F353552101BECC001E6C16 /* UIView+WebCache.h */,
				58F353562101BECC001E6C16 /* UIView+WebCacheOperation.h */,
				58F353572101BECC001E6C16 /* SDImageCache.m */,
				58F353582101BECC001E6C16 /* UIImageView+HighlightedWebCache.h */,
				58F353592101BECC001E6C16 /* SDWebImageDownloaderOperation.m */,
				58F3535A2101BECC001E6C16 /* SDWebImageDecoder.h */,
				58F3535B2101BECC001E6C16 /* SDWebImageManager.h */,
				58F3535C2101BECC001E6C16 /* NSData+ImageContentType.m */,
				58F3535D2101BECC001E6C16 /* UIImageView+WebCache.m */,
				58F3535E2101BECC001E6C16 /* SDWebImageOperation.h */,
				58F3535F2101BECC001E6C16 /* NSImage+WebCache.m */,
				58F353602101BECC001E6C16 /* SDWebImageDownloader.h */,
				58F353612101BECC001E6C16 /* SDImageCacheConfig.m */,
				58F353622101BECC001E6C16 /* UIView+WebCacheOperation.m */,
				58F353632101BECC001E6C16 /* UIView+WebCache.m */,
				58F353642101BECC001E6C16 /* SDWebImagePrefetcher.h */,
				58F353652101BECC001E6C16 /* SDWebImageCompat.h */,
				58F353662101BECC001E6C16 /* UIImage+MultiFormat.h */,
				58F353672101BECC001E6C16 /* UIButton+WebCache.m */,
				58F353682101BECC001E6C16 /* UIImage+GIF.h */,
			);
			path = SDWebImage;
			sourceTree = "<group>";
		};
		58F3537C2101D045001E6C16 /* loginButton */ = {
			isa = PBXGroup;
			children = (
				58F3537D2101D058001E6C16 /* XYALoginButton.h */,
				58F3537E2101D058001E6C16 /* XYALoginButton.m */,
			);
			path = loginButton;
			sourceTree = "<group>";
		};
		58F3538A2101DED2001E6C16 /* TabBar */ = {
			isa = PBXGroup;
			children = (
				58F353992101FE1B001E6C16 /* ic_tab_index_education_normal@2x.png */,
				58F3538C2101E0F5001E6C16 /* ic_tab_index_education_selected@2x.png */,
				58F3538B2101E0F5001E6C16 /* ic_tab_index_library_normal@2x.png */,
				58F353942101FDF9001E6C16 /* ic_tab_index_library_selected@2x.png */,
				58F3538D2101E0F5001E6C16 /* ic_tab_index_activity_normal@2x.png */,
				58F353932101FDF9001E6C16 /* ic_tab_index_activity_selected@2x.png */,
				58F3538E2101E0F6001E6C16 /* ic_tab_index_myInfo_normal@2x.png */,
				58F353952101FDF9001E6C16 /* ic_tab_index_myInfo_selected@2x.png */,
			);
			path = TabBar;
			sourceTree = "<group>";
		};
		58F353A521020473001E6C16 /* Models */ = {
			isa = PBXGroup;
			children = (
				58FF6EA52105D4FE000AE366 /* XYAEducationResultModel.h */,
				58FF6EA62105D4FE000AE366 /* XYAEducationResultModel.m */,
				583633B12108001700105223 /* XYAEducationClassTableModel.h */,
				583633B22108001700105223 /* XYAEducationClassTableModel.m */,
			);
			path = Models;
			sourceTree = "<group>";
		};
		58F353A621020489001E6C16 /* EducationView */ = {
			isa = PBXGroup;
			children = (
				58F353A7210204A4001E6C16 /* XYAEducationView.h */,
				58F353A8210204A4001E6C16 /* XYAEducationView.m */,
				58F353AD21021B9A001E6C16 /* XYATimetableTableViewCell.h */,
				58F353AE21021B9A001E6C16 /* XYATimetableTableViewCell.m */,
			);
			path = EducationView;
			sourceTree = "<group>";
		};
		58F353B02102BE96001E6C16 /* Custom */ = {
			isa = PBXGroup;
			children = (
				58F353B12102BED6001E6C16 /* XYATimetableLabel.h */,
				58F353B22102BED6001E6C16 /* XYATimetableLabel.m */,
				580EC2012106ABA100B92004 /* XYAUnderLinerTextField.h */,
				580EC2022106ABA100B92004 /* XYAUnderLinerTextField.m */,
			);
			path = Custom;
			sourceTree = "<group>";
		};
		58F353BB210310EE001E6C16 /* Attendance */ = {
			isa = PBXGroup;
			children = (
				58F353BC21031107001E6C16 /* XYAAttendanceViewController.h */,
				58F353BD21031107001E6C16 /* XYAAttendanceViewController.m */,
			);
			path = Attendance;
			sourceTree = "<group>";
		};
		58FF6E9C21057FE7000AE366 /* HTTP */ = {
			isa = PBXGroup;
			children = (
				5874461021072A6A00E6891F /* Protocol */,
				58FF6E9D21057FF3000AE366 /* API */,
				5874460C2107274D00E6891F /* Manager */,
			);
			path = HTTP;
			sourceTree = "<group>";
		};
		58FF6E9D21057FF3000AE366 /* API */ = {
			isa = PBXGroup;
			children = (
				58FF6E9F21058062000AE366 /* XYAEducationAPI.h */,
				58FF6EA021058062000AE366 /* XYAEducationAPI.m */,
			);
			path = API;
			sourceTree = "<group>";
		};
/* End PBXGroup section */

/* Begin PBXNativeTarget section */
		58F3524A2100C5F8001E6C16 /* Assistant */ = {
			isa = PBXNativeTarget;
			buildConfigurationList = 58F352772100C5F9001E6C16 /* Build configuration list for PBXNativeTarget "Assistant" */;
			buildPhases = (
				58F352472100C5F8001E6C16 /* Sources */,
				58F352482100C5F8001E6C16 /* Frameworks */,
				58F352492100C5F8001E6C16 /* Resources */,
			);
			buildRules = (
			);
			dependencies = (
			);
			name = Assistant;
			productName = Assistant;
			productReference = 58F3524B2100C5F8001E6C16 /* Assistant.app */;
			productType = "com.apple.product-type.application";
		};
		58F352622100C5F9001E6C16 /* AssistantTests */ = {
			isa = PBXNativeTarget;
			buildConfigurationList = 58F3527A2100C5F9001E6C16 /* Build configuration list for PBXNativeTarget "AssistantTests" */;
			buildPhases = (
				58F3525F2100C5F9001E6C16 /* Sources */,
				58F352602100C5F9001E6C16 /* Frameworks */,
				58F352612100C5F9001E6C16 /* Resources */,
			);
			buildRules = (
			);
			dependencies = (
				58F352652100C5F9001E6C16 /* PBXTargetDependency */,
			);
			name = AssistantTests;
			productName = AssistantTests;
			productReference = 58F352632100C5F9001E6C16 /* AssistantTests.xctest */;
			productType = "com.apple.product-type.bundle.unit-test";
		};
		58F3526D2100C5F9001E6C16 /* AssistantUITests */ = {
			isa = PBXNativeTarget;
			buildConfigurationList = 58F3527D2100C5F9001E6C16 /* Build configuration list for PBXNativeTarget "AssistantUITests" */;
			buildPhases = (
				58F3526A2100C5F9001E6C16 /* Sources */,
				58F3526B2100C5F9001E6C16 /* Frameworks */,
				58F3526C2100C5F9001E6C16 /* Resources */,
			);
			buildRules = (
			);
			dependencies = (
				58F352702100C5F9001E6C16 /* PBXTargetDependency */,
			);
			name = AssistantUITests;
			productName = AssistantUITests;
			productReference = 58F3526E2100C5F9001E6C16 /* AssistantUITests.xctest */;
			productType = "com.apple.product-type.bundle.ui-testing";
		};
/* End PBXNativeTarget section */

/* Begin PBXProject section */
		58F352432100C5F8001E6C16 /* Project object */ = {
			isa = PBXProject;
			attributes = {
				LastUpgradeCheck = 0920;
				ORGANIZATIONNAME = "崔一鸣";
				TargetAttributes = {
					58F3524A2100C5F8001E6C16 = {
						CreatedOnToolsVersion = 9.2;
						ProvisioningStyle = Automatic;
					};
					58F352622100C5F9001E6C16 = {
						CreatedOnToolsVersion = 9.2;
						ProvisioningStyle = Automatic;
						TestTargetID = 58F3524A2100C5F8001E6C16;
					};
					58F3526D2100C5F9001E6C16 = {
						CreatedOnToolsVersion = 9.2;
						ProvisioningStyle = Automatic;
						TestTargetID = 58F3524A2100C5F8001E6C16;
					};
				};
			};
			buildConfigurationList = 58F352462100C5F8001E6C16 /* Build configuration list for PBXProject "Assistant" */;
			compatibilityVersion = "Xcode 8.0";
			developmentRegion = en;
			hasScannedForEncodings = 0;
			knownRegions = (
				en,
				Base,
			);
			mainGroup = 58F352422100C5F8001E6C16;
			productRefGroup = 58F3524C2100C5F8001E6C16 /* Products */;
			projectDirPath = "";
			projectRoot = "";
			targets = (
				58F3524A2100C5F8001E6C16 /* Assistant */,
				58F352622100C5F9001E6C16 /* AssistantTests */,
				58F3526D2100C5F9001E6C16 /* AssistantUITests */,
			);
		};
/* End PBXProject section */

/* Begin PBXResourcesBuildPhase section */
		58F352492100C5F8001E6C16 /* Resources */ = {
			isa = PBXResourcesBuildPhase;
			buildActionMask = 2147483647;
			files = (
				58F353982101FDF9001E6C16 /* ic_tab_index_myInfo_selected@2x.png in Resources */,
				58F352BC2101BC74001E6C16 /* XUPT.png in Resources */,
				58F352B3210182F5001E6C16 /* Main.storyboard in Resources */,
				58F3536A2101BECC001E6C16 /* README.md in Resources */,
				58F352582100C5F8001E6C16 /* Assets.xcassets in Resources */,
				58F353912101E0F6001E6C16 /* ic_tab_index_activity_normal@2x.png in Resources */,
				58F353142101BEBE001E6C16 /* LICENSE in Resources */,
				58F353962101FDF9001E6C16 /* ic_tab_index_activity_selected@2x.png in Resources */,
				58F3539A2101FE1B001E6C16 /* ic_tab_index_education_normal@2x.png in Resources */,
				58F352BA2101BC74001E6C16 /* people.png in Resources */,
				58F353922101E0F6001E6C16 /* ic_tab_index_myInfo_normal@2x.png in Resources */,
				58AF12A321087909005381A5 /* time_icon.png in Resources */,
				58A843A82108B33D0038E6BE /* arrow_icon.png in Resources */,
				58F352B1210182D7001E6C16 /* LaunchScreen.storyboard in Resources */,
				580EC2052106ADD900B92004 /* username.png in Resources */,
				580EC2072106ADFF00B92004 /* vercode.png in Resources */,
				580EC2092106AE1000B92004 /* password.png in Resources */,
				58F353692101BECC001E6C16 /* LICENSE in Resources */,
				58F353972101FDF9001E6C16 /* ic_tab_index_library_selected@2x.png in Resources */,
				58F353902101E0F6001E6C16 /* ic_tab_index_education_selected@2x.png in Resources */,
				58F353152101BEBE001E6C16 /* README.md in Resources */,
				58F3538F2101E0F6001E6C16 /* ic_tab_index_library_normal@2x.png in Resources */,
				58F353892101D699001E6C16 /* WeChat.png in Resources */,
				58AF12A1210878F0005381A5 /* class_icon.png in Resources */,
			);
			runOnlyForDeploymentPostprocessing = 0;
		};
		58F352612100C5F9001E6C16 /* Resources */ = {
			isa = PBXResourcesBuildPhase;
			buildActionMask = 2147483647;
			files = (
			);
			runOnlyForDeploymentPostprocessing = 0;
		};
		58F3526C2100C5F9001E6C16 /* Resources */ = {
			isa = PBXResourcesBuildPhase;
			buildActionMask = 2147483647;
			files = (
			);
			runOnlyForDeploymentPostprocessing = 0;
		};
/* End PBXResourcesBuildPhase section */

/* Begin PBXSourcesBuildPhase section */
		58F352472100C5F8001E6C16 /* Sources */ = {
			isa = PBXSourcesBuildPhase;
			buildActionMask = 2147483647;
			files = (
				58F3536E2101BECC001E6C16 /* SDWebImageDownloader.m in Sources */,
				58F3528D21016CA0001E6C16 /* XYAEducationViewController.m in Sources */,
				58F353742101BECC001E6C16 /* SDWebImageDownloaderOperation.m in Sources */,
				58F353782101BECC001E6C16 /* SDImageCacheConfig.m in Sources */,
				58F3531B2101BEBE001E6C16 /* UIActivityIndicatorView+AFNetworking.m in Sources */,
				58F353772101BECC001E6C16 /* NSImage+WebCache.m in Sources */,
				58F352A921016E72001E6C16 /* XYAMyInfoViewController.m in Sources */,
				58F352E92101BEB3001E6C16 /* NSArray+MASAdditions.m in Sources */,
				58F353712101BECC001E6C16 /* SDWebImageCompat.m in Sources */,
				58F3525E2100C5F8001E6C16 /* main.m in Sources */,
				58F353182101BEBE001E6C16 /* AFNetworkActivityIndicatorManager.m in Sources */,
				58F353192101BEBE001E6C16 /* UIImageView+AFNetworking.m in Sources */,
				58F353162101BEBE001E6C16 /* UIProgressView+AFNetworking.m in Sources */,
				58F3531C2101BEBE001E6C16 /* UIWebView+AFNetworking.m in Sources */,
				58F3536B2101BECC001E6C16 /* SDWebImageManager.m in Sources */,
				58F353752101BECC001E6C16 /* NSData+ImageContentType.m in Sources */,
				580EC2032106ABA100B92004 /* XYAUnderLinerTextField.m in Sources */,
				58FF6EA121058062000AE366 /* XYAEducationAPI.m in Sources */,
				58F352EA2101BEB3001E6C16 /* View+MASAdditions.m in Sources */,
				58F352E42101BEB3001E6C16 /* NSLayoutConstraint+MASDebugAdditions.m in Sources */,
				58F3531E2101BEBE001E6C16 /* AFImageDownloader.m in Sources */,
				583633B32108001800105223 /* XYAEducationClassTableModel.m in Sources */,
				58F352E62101BEB3001E6C16 /* MASCompositeConstraint.m in Sources */,
				58F3537B2101BECC001E6C16 /* UIButton+WebCache.m in Sources */,
				58F3537A2101BECC001E6C16 /* UIView+WebCache.m in Sources */,
				58F353212101BEBE001E6C16 /* AFURLSessionManager.m in Sources */,
				58F353702101BECC001E6C16 /* UIImage+MultiFormat.m in Sources */,
				58F353172101BEBE001E6C16 /* UIRefreshControl+AFNetworking.m in Sources */,
				58AF129A21081376005381A5 /* XYAURLSessionManager.m in Sources */,
				58F3536C2101BECC001E6C16 /* SDWebImageDecoder.m in Sources */,
				58FF6EA72105D4FE000AE366 /* XYAEducationResultModel.m in Sources */,
				58F352A621016E62001E6C16 /* XYAActivityViewController.m in Sources */,
				58F3536F2101BECC001E6C16 /* UIImage+GIF.m in Sources */,
				58FF6EA42105D148000AE366 /* XYAHttpSessionManager.m in Sources */,
				58A843AB2108BD140038E6BE /* XYAAttendanceTableViewCell.m in Sources */,
				58F353B32102BED6001E6C16 /* XYATimetableLabel.m in Sources */,
				58F3536D2101BECC001E6C16 /* UIImageView+HighlightedWebCache.m in Sources */,
				58F352E52101BEB3001E6C16 /* ViewController+MASAdditions.m in Sources */,
				58F352ED2101BEB3001E6C16 /* MASViewAttribute.m in Sources */,
				58F353BE21031107001E6C16 /* XYAAttendanceViewController.m in Sources */,
				58F3533A2101BEC5001E6C16 /* JSONValueTransformer.m in Sources */,
				58F353412101BEC5001E6C16 /* JSONModel+networking.m in Sources */,
				58F3531A2101BEBE001E6C16 /* UIButton+AFNetworking.m in Sources */,
				58F3537F2101D058001E6C16 /* XYALoginButton.m in Sources */,
				58F3533F2101BEC5001E6C16 /* JSONHTTPClient.m in Sources */,
				58F3533D2101BEC5001E6C16 /* JSONModelError.m in Sources */,
				58F353A9210204A4001E6C16 /* XYAEducationView.m in Sources */,
				58F352EC2101BEB3001E6C16 /* MASViewConstraint.m in Sources */,
				58F3531F2101BEBE001E6C16 /* AFURLResponseSerialization.m in Sources */,
				58F352502100C5F8001E6C16 /* AppDelegate.m in Sources */,
				58F353402101BEC5001E6C16 /* JSONAPI.m in Sources */,
				58F352E72101BEB3001E6C16 /* MASConstraintMaker.m in Sources */,
				58F353222101BEBE001E6C16 /* AFURLRequestSerialization.m in Sources */,
				58AF129E2108621C005381A5 /* XYAAttendanceView.m in Sources */,
				58F3533E2101BEC5001E6C16 /* JSONModelClassProperty.m in Sources */,
				58F352A321016E4C001E6C16 /* XYALibraryViewController.m in Sources */,
				58F352E82101BEB3001E6C16 /* MASLayoutConstraint.m in Sources */,
				58F353792101BECC001E6C16 /* UIView+WebCacheOperation.m in Sources */,
				58F353242101BEBE001E6C16 /* AFSecurityPolicy.m in Sources */,
				58F352C82101BD49001E6C16 /* XYAMainLoginView.m in Sources */,
				58F353AF21021B9A001E6C16 /* XYATimetableTableViewCell.m in Sources */,
				58F353722101BECC001E6C16 /* SDWebImagePrefetcher.m in Sources */,
				58FF6EAD2105FD95000AE366 /* XYALoginViewController.m in Sources */,
				58F352C52101BD2F001E6C16 /* XYAMainLoginViewController.m in Sources */,
				58F3533B2101BEC5001E6C16 /* JSONKeyMapper.m in Sources */,
				5874460F2107276C00E6891F /* XYAEducationManager.m in Sources */,
				58F3531D2101BEBE001E6C16 /* AFAutoPurgingImageCache.m in Sources */,
				58F353202101BEBE001E6C16 /* AFHTTPSessionManager.m in Sources */,
				58F353732101BECC001E6C16 /* SDImageCache.m in Sources */,
				58F352EB2101BEB3001E6C16 /* MASConstraint.m in Sources */,
				58FF6EB02105FDA5000AE366 /* XYALoginView.m in Sources */,
				58F353762101BECC001E6C16 /* UIImageView+WebCache.m in Sources */,
				58F3533C2101BEC5001E6C16 /* JSONModel.m in Sources */,
				58F353232101BEBE001E6C16 /* AFNetworkReachabilityManager.m in Sources */,
				58F352AF2101720B001E6C16 /* XYAMainTabBarViewController.m in Sources */,
			);
			runOnlyForDeploymentPostprocessing = 0;
		};
		58F3525F2100C5F9001E6C16 /* Sources */ = {
			isa = PBXSourcesBuildPhase;
			buildActionMask = 2147483647;
			files = (
				58F352682100C5F9001E6C16 /* AssistantTests.m in Sources */,
			);
			runOnlyForDeploymentPostprocessing = 0;
		};
		58F3526A2100C5F9001E6C16 /* Sources */ = {
			isa = PBXSourcesBuildPhase;
			buildActionMask = 2147483647;
			files = (
				58F352732100C5F9001E6C16 /* AssistantUITests.m in Sources */,
			);
			runOnlyForDeploymentPostprocessing = 0;
		};
/* End PBXSourcesBuildPhase section */

/* Begin PBXTargetDependency section */
		58F352652100C5F9001E6C16 /* PBXTargetDependency */ = {
			isa = PBXTargetDependency;
			target = 58F3524A2100C5F8001E6C16 /* Assistant */;
			targetProxy = 58F352642100C5F9001E6C16 /* PBXContainerItemProxy */;
		};
		58F352702100C5F9001E6C16 /* PBXTargetDependency */ = {
			isa = PBXTargetDependency;
			target = 58F3524A2100C5F8001E6C16 /* Assistant */;
			targetProxy = 58F3526F2100C5F9001E6C16 /* PBXContainerItemProxy */;
		};
/* End PBXTargetDependency section */

/* Begin XCBuildConfiguration section */
		58F352752100C5F9001E6C16 /* Debug */ = {
			isa = XCBuildConfiguration;
			buildSettings = {
				ALWAYS_SEARCH_USER_PATHS = NO;
				CLANG_ANALYZER_NONNULL = YES;
				CLANG_ANALYZER_NUMBER_OBJECT_CONVERSION = YES_AGGRESSIVE;
				CLANG_CXX_LANGUAGE_STANDARD = "gnu++14";
				CLANG_CXX_LIBRARY = "libc++";
				CLANG_ENABLE_MODULES = YES;
				CLANG_ENABLE_OBJC_ARC = YES;
				CLANG_WARN_BLOCK_CAPTURE_AUTORELEASING = YES;
				CLANG_WARN_BOOL_CONVERSION = YES;
				CLANG_WARN_COMMA = YES;
				CLANG_WARN_CONSTANT_CONVERSION = YES;
				CLANG_WARN_DIRECT_OBJC_ISA_USAGE = YES_ERROR;
				CLANG_WARN_DOCUMENTATION_COMMENTS = YES;
				CLANG_WARN_EMPTY_BODY = YES;
				CLANG_WARN_ENUM_CONVERSION = YES;
				CLANG_WARN_INFINITE_RECURSION = YES;
				CLANG_WARN_INT_CONVERSION = YES;
				CLANG_WARN_NON_LITERAL_NULL_CONVERSION = YES;
				CLANG_WARN_OBJC_LITERAL_CONVERSION = YES;
				CLANG_WARN_OBJC_ROOT_CLASS = YES_ERROR;
				CLANG_WARN_RANGE_LOOP_ANALYSIS = YES;
				CLANG_WARN_STRICT_PROTOTYPES = YES;
				CLANG_WARN_SUSPICIOUS_MOVE = YES;
				CLANG_WARN_UNGUARDED_AVAILABILITY = YES_AGGRESSIVE;
				CLANG_WARN_UNREACHABLE_CODE = YES;
				CLANG_WARN__DUPLICATE_METHOD_MATCH = YES;
				CODE_SIGN_IDENTITY = "iPhone Developer";
				COPY_PHASE_STRIP = NO;
				DEBUG_INFORMATION_FORMAT = dwarf;
				ENABLE_STRICT_OBJC_MSGSEND = YES;
				ENABLE_TESTABILITY = YES;
				GCC_C_LANGUAGE_STANDARD = gnu11;
				GCC_DYNAMIC_NO_PIC = NO;
				GCC_NO_COMMON_BLOCKS = YES;
				GCC_OPTIMIZATION_LEVEL = 0;
				GCC_PREPROCESSOR_DEFINITIONS = (
					"DEBUG=1",
					"$(inherited)",
				);
				GCC_WARN_64_TO_32_BIT_CONVERSION = YES;
				GCC_WARN_ABOUT_RETURN_TYPE = YES_ERROR;
				GCC_WARN_UNDECLARED_SELECTOR = YES;
				GCC_WARN_UNINITIALIZED_AUTOS = YES_AGGRESSIVE;
				GCC_WARN_UNUSED_FUNCTION = YES;
				GCC_WARN_UNUSED_VARIABLE = YES;
				IPHONEOS_DEPLOYMENT_TARGET = 11.2;
				MTL_ENABLE_DEBUG_INFO = YES;
				ONLY_ACTIVE_ARCH = YES;
				SDKROOT = iphoneos;
			};
			name = Debug;
		};
		58F352762100C5F9001E6C16 /* Release */ = {
			isa = XCBuildConfiguration;
			buildSettings = {
				ALWAYS_SEARCH_USER_PATHS = NO;
				CLANG_ANALYZER_NONNULL = YES;
				CLANG_ANALYZER_NUMBER_OBJECT_CONVERSION = YES_AGGRESSIVE;
				CLANG_CXX_LANGUAGE_STANDARD = "gnu++14";
				CLANG_CXX_LIBRARY = "libc++";
				CLANG_ENABLE_MODULES = YES;
				CLANG_ENABLE_OBJC_ARC = YES;
				CLANG_WARN_BLOCK_CAPTURE_AUTORELEASING = YES;
				CLANG_WARN_BOOL_CONVERSION = YES;
				CLANG_WARN_COMMA = YES;
				CLANG_WARN_CONSTANT_CONVERSION = YES;
				CLANG_WARN_DIRECT_OBJC_ISA_USAGE = YES_ERROR;
				CLANG_WARN_DOCUMENTATION_COMMENTS = YES;
				CLANG_WARN_EMPTY_BODY = YES;
				CLANG_WARN_ENUM_CONVERSION = YES;
				CLANG_WARN_INFINITE_RECURSION = YES;
				CLANG_WARN_INT_CONVERSION = YES;
				CLANG_WARN_NON_LITERAL_NULL_CONVERSION = YES;
				CLANG_WARN_OBJC_LITERAL_CONVERSION = YES;
				CLANG_WARN_OBJC_ROOT_CLASS = YES_ERROR;
				CLANG_WARN_RANGE_LOOP_ANALYSIS = YES;
				CLANG_WARN_STRICT_PROTOTYPES = YES;
				CLANG_WARN_SUSPICIOUS_MOVE = YES;
				CLANG_WARN_UNGUARDED_AVAILABILITY = YES_AGGRESSIVE;
				CLANG_WARN_UNREACHABLE_CODE = YES;
				CLANG_WARN__DUPLICATE_METHOD_MATCH = YES;
				CODE_SIGN_IDENTITY = "iPhone Developer";
				COPY_PHASE_STRIP = NO;
				DEBUG_INFORMATION_FORMAT = "dwarf-with-dsym";
				ENABLE_NS_ASSERTIONS = NO;
				ENABLE_STRICT_OBJC_MSGSEND = YES;
				GCC_C_LANGUAGE_STANDARD = gnu11;
				GCC_NO_COMMON_BLOCKS = YES;
				GCC_WARN_64_TO_32_BIT_CONVERSION = YES;
				GCC_WARN_ABOUT_RETURN_TYPE = YES_ERROR;
				GCC_WARN_UNDECLARED_SELECTOR = YES;
				GCC_WARN_UNINITIALIZED_AUTOS = YES_AGGRESSIVE;
				GCC_WARN_UNUSED_FUNCTION = YES;
				GCC_WARN_UNUSED_VARIABLE = YES;
				IPHONEOS_DEPLOYMENT_TARGET = 11.2;
				MTL_ENABLE_DEBUG_INFO = NO;
				SDKROOT = iphoneos;
				VALIDATE_PRODUCT = YES;
			};
			name = Release;
		};
		58F352782100C5F9001E6C16 /* Debug */ = {
			isa = XCBuildConfiguration;
			buildSettings = {
				ASSETCATALOG_COMPILER_APPICON_NAME = AppIcon;
				CODE_SIGN_STYLE = Automatic;
				DEVELOPMENT_TEAM = 24VRK7V967;
				INFOPLIST_FILE = Assistant/Info.plist;
				LD_RUNPATH_SEARCH_PATHS = "$(inherited) @executable_path/Frameworks";
				PRODUCT_BUNDLE_IDENTIFIER = Imac.Assistant;
				PRODUCT_NAME = "$(TARGET_NAME)";
				TARGETED_DEVICE_FAMILY = "1,2";
			};
			name = Debug;
		};
		58F352792100C5F9001E6C16 /* Release */ = {
			isa = XCBuildConfiguration;
			buildSettings = {
				ASSETCATALOG_COMPILER_APPICON_NAME = AppIcon;
				CODE_SIGN_STYLE = Automatic;
				DEVELOPMENT_TEAM = 24VRK7V967;
				INFOPLIST_FILE = Assistant/Info.plist;
				LD_RUNPATH_SEARCH_PATHS = "$(inherited) @executable_path/Frameworks";
				PRODUCT_BUNDLE_IDENTIFIER = Imac.Assistant;
				PRODUCT_NAME = "$(TARGET_NAME)";
				TARGETED_DEVICE_FAMILY = "1,2";
			};
			name = Release;
		};
		58F3527B2100C5F9001E6C16 /* Debug */ = {
			isa = XCBuildConfiguration;
			buildSettings = {
				BUNDLE_LOADER = "$(TEST_HOST)";
				CODE_SIGN_STYLE = Automatic;
				DEVELOPMENT_TEAM = 24VRK7V967;
				INFOPLIST_FILE = AssistantTests/Info.plist;
				LD_RUNPATH_SEARCH_PATHS = "$(inherited) @executable_path/Frameworks @loader_path/Frameworks";
				PRODUCT_BUNDLE_IDENTIFIER = Imac.AssistantTests;
				PRODUCT_NAME = "$(TARGET_NAME)";
				TARGETED_DEVICE_FAMILY = "1,2";
				TEST_HOST = "$(BUILT_PRODUCTS_DIR)/Assistant.app/Assistant";
			};
			name = Debug;
		};
		58F3527C2100C5F9001E6C16 /* Release */ = {
			isa = XCBuildConfiguration;
			buildSettings = {
				BUNDLE_LOADER = "$(TEST_HOST)";
				CODE_SIGN_STYLE = Automatic;
				DEVELOPMENT_TEAM = 24VRK7V967;
				INFOPLIST_FILE = AssistantTests/Info.plist;
				LD_RUNPATH_SEARCH_PATHS = "$(inherited) @executable_path/Frameworks @loader_path/Frameworks";
				PRODUCT_BUNDLE_IDENTIFIER = Imac.AssistantTests;
				PRODUCT_NAME = "$(TARGET_NAME)";
				TARGETED_DEVICE_FAMILY = "1,2";
				TEST_HOST = "$(BUILT_PRODUCTS_DIR)/Assistant.app/Assistant";
			};
			name = Release;
		};
		58F3527E2100C5F9001E6C16 /* Debug */ = {
			isa = XCBuildConfiguration;
			buildSettings = {
				CODE_SIGN_STYLE = Automatic;
				DEVELOPMENT_TEAM = 24VRK7V967;
				INFOPLIST_FILE = AssistantUITests/Info.plist;
				LD_RUNPATH_SEARCH_PATHS = "$(inherited) @executable_path/Frameworks @loader_path/Frameworks";
				PRODUCT_BUNDLE_IDENTIFIER = Imac.AssistantUITests;
				PRODUCT_NAME = "$(TARGET_NAME)";
				TARGETED_DEVICE_FAMILY = "1,2";
				TEST_TARGET_NAME = Assistant;
			};
			name = Debug;
		};
		58F3527F2100C5F9001E6C16 /* Release */ = {
			isa = XCBuildConfiguration;
			buildSettings = {
				CODE_SIGN_STYLE = Automatic;
				DEVELOPMENT_TEAM = 24VRK7V967;
				INFOPLIST_FILE = AssistantUITests/Info.plist;
				LD_RUNPATH_SEARCH_PATHS = "$(inherited) @executable_path/Frameworks @loader_path/Frameworks";
				PRODUCT_BUNDLE_IDENTIFIER = Imac.AssistantUITests;
				PRODUCT_NAME = "$(TARGET_NAME)";
				TARGETED_DEVICE_FAMILY = "1,2";
				TEST_TARGET_NAME = Assistant;
			};
			name = Release;
		};
/* End XCBuildConfiguration section */

/* Begin XCConfigurationList section */
		58F352462100C5F8001E6C16 /* Build configuration list for PBXProject "Assistant" */ = {
			isa = XCConfigurationList;
			buildConfigurations = (
				58F352752100C5F9001E6C16 /* Debug */,
				58F352762100C5F9001E6C16 /* Release */,
			);
			defaultConfigurationIsVisible = 0;
			defaultConfigurationName = Release;
		};
		58F352772100C5F9001E6C16 /* Build configuration list for PBXNativeTarget "Assistant" */ = {
			isa = XCConfigurationList;
			buildConfigurations = (
				58F352782100C5F9001E6C16 /* Debug */,
				58F352792100C5F9001E6C16 /* Release */,
			);
			defaultConfigurationIsVisible = 0;
			defaultConfigurationName = Release;
		};
		58F3527A2100C5F9001E6C16 /* Build configuration list for PBXNativeTarget "AssistantTests" */ = {
			isa = XCConfigurationList;
			buildConfigurations = (
				58F3527B2100C5F9001E6C16 /* Debug */,
				58F3527C2100C5F9001E6C16 /* Release */,
			);
			defaultConfigurationIsVisible = 0;
			defaultConfigurationName = Release;
		};
		58F3527D2100C5F9001E6C16 /* Build configuration list for PBXNativeTarget "AssistantUITests" */ = {
			isa = XCConfigurationList;
			buildConfigurations = (
				58F3527E2100C5F9001E6C16 /* Debug */,
				58F3527F2100C5F9001E6C16 /* Release */,
			);
			defaultConfigurationIsVisible = 0;
			defaultConfigurationName = Release;
		};
/* End XCConfigurationList section */
	};
	rootObject = 58F352432100C5F8001E6C16 /* Project object */;
}
